// !$*UTF8*$!
{
	archiveVersion = 1;
	classes = {
	};
	objectVersion = 56;
	objects = {

/* Begin PBXBuildFile section */
		94873BA42C738FE600620B4A /* AppDelegate.swift in Sources */ = {isa = PBXBuildFile; fileRef = 94873BA32C738FE600620B4A /* AppDelegate.swift */; };
		94873BA62C738FE600620B4A /* SceneDelegate.swift in Sources */ = {isa = PBXBuildFile; fileRef = 94873BA52C738FE600620B4A /* SceneDelegate.swift */; };
		94873BA82C738FE600620B4A /* ViewController.swift in Sources */ = {isa = PBXBuildFile; fileRef = 94873BA72C738FE600620B4A /* ViewController.swift */; };
		94873BAB2C738FE600620B4A /* Base in Resources */ = {isa = PBXBuildFile; fileRef = 94873BAA2C738FE600620B4A /* Base */; };
		94873BAD2C738FE800620B4A /* Assets.xcassets in Resources */ = {isa = PBXBuildFile; fileRef = 94873BAC2C738FE800620B4A /* Assets.xcassets */; };
		94873BB02C738FE800620B4A /* Base in Resources */ = {isa = PBXBuildFile; fileRef = 94873BAF2C738FE800620B4A /* Base */; };
		94873BBB2C738FE800620B4A /* IQ_QuizTests.swift in Sources */ = {isa = PBXBuildFile; fileRef = 94873BBA2C738FE800620B4A /* IQ_QuizTests.swift */; };
		94873BC52C738FE800620B4A /* IQ_QuizUITests.swift in Sources */ = {isa = PBXBuildFile; fileRef = 94873BC42C738FE800620B4A /* IQ_QuizUITests.swift */; };
		94873BC72C738FE800620B4A /* IQ_QuizUITestsLaunchTests.swift in Sources */ = {isa = PBXBuildFile; fileRef = 94873BC62C738FE800620B4A /* IQ_QuizUITestsLaunchTests.swift */; };
/* End PBXBuildFile section */

/* Begin PBXContainerItemProxy section */
		94873BB72C738FE800620B4A /* PBXContainerItemProxy */ = {
			isa = PBXContainerItemProxy;
			containerPortal = 94873B982C738FE600620B4A /* Project object */;
			proxyType = 1;
			remoteGlobalIDString = 94873B9F2C738FE600620B4A;
			remoteInfo = "IQ-Quiz";
		};
		94873BC12C738FE800620B4A /* PBXContainerItemProxy */ = {
			isa = PBXContainerItemProxy;
			containerPortal = 94873B982C738FE600620B4A /* Project object */;
			proxyType = 1;
			remoteGlobalIDString = 94873B9F2C738FE600620B4A;
			remoteInfo = "IQ-Quiz";
		};
/* End PBXContainerItemProxy section */

/* Begin PBXFileReference section */
		94873BA02C738FE600620B4A /* IQ-Quiz.app */ = {isa = PBXFileReference; explicitFileType = wrapper.application; includeInIndex = 0; path = "IQ-Quiz.app"; sourceTree = BUILT_PRODUCTS_DIR; };
		94873BA32C738FE600620B4A /* AppDelegate.swift */ = {isa = PBXFileReference; lastKnownFileType = sourcecode.swift; path = AppDelegate.swift; sourceTree = "<group>"; };
		94873BA52C738FE600620B4A /* SceneDelegate.swift */ = {isa = PBXFileReference; lastKnownFileType = sourcecode.swift; path = SceneDelegate.swift; sourceTree = "<group>"; };
		94873BA72C738FE600620B4A /* ViewController.swift */ = {isa = PBXFileReference; lastKnownFileType = sourcecode.swift; path = ViewController.swift; sourceTree = "<group>"; };
		94873BAA2C738FE600620B4A /* Base */ = {isa = PBXFileReference; lastKnownFileType = file.storyboard; name = Base; path = Base.lproj/Main.storyboard; sourceTree = "<group>"; };
		94873BAC2C738FE800620B4A /* Assets.xcassets */ = {isa = PBXFileReference; lastKnownFileType = folder.assetcatalog; path = Assets.xcassets; sourceTree = "<group>"; };
		94873BAF2C738FE800620B4A /* Base */ = {isa = PBXFileReference; lastKnownFileType = file.storyboard; name = Base; path = Base.lproj/LaunchScreen.storyboard; sourceTree = "<group>"; };
		94873BB12C738FE800620B4A /* Info.plist */ = {isa = PBXFileReference; lastKnownFileType = text.plist.xml; path = Info.plist; sourceTree = "<group>"; };
		94873BB62C738FE800620B4A /* IQ-QuizTests.xctest */ = {isa = PBXFileReference; explicitFileType = wrapper.cfbundle; includeInIndex = 0; path = "IQ-QuizTests.xctest"; sourceTree = BUILT_PRODUCTS_DIR; };
		94873BBA2C738FE800620B4A /* IQ_QuizTests.swift */ = {isa = PBXFileReference; lastKnownFileType = sourcecode.swift; path = IQ_QuizTests.swift; sourceTree = "<group>"; };
		94873BC02C738FE800620B4A /* IQ-QuizUITests.xctest */ = {isa = PBXFileReference; explicitFileType = wrapper.cfbundle; includeInIndex = 0; path = "IQ-QuizUITests.xctest"; sourceTree = BUILT_PRODUCTS_DIR; };
		94873BC42C738FE800620B4A /* IQ_QuizUITests.swift */ = {isa = PBXFileReference; lastKnownFileType = sourcecode.swift; path = IQ_QuizUITests.swift; sourceTree = "<group>"; };
		94873BC62C738FE800620B4A /* IQ_QuizUITestsLaunchTests.swift */ = {isa = PBXFileReference; lastKnownFileType = sourcecode.swift; path = IQ_QuizUITestsLaunchTests.swift; sourceTree = "<group>"; };
/* End PBXFileReference section */

/* Begin PBXFrameworksBuildPhase section */
		94873B9D2C738FE600620B4A /* Frameworks */ = {
			isa = PBXFrameworksBuildPhase;
			buildActionMask = 2147483647;
			files = (
			);
			runOnlyForDeploymentPostprocessing = 0;
		};
		94873BB32C738FE800620B4A /* Frameworks */ = {
			isa = PBXFrameworksBuildPhase;
			buildActionMask = 2147483647;
			files = (
			);
			runOnlyForDeploymentPostprocessing = 0;
		};
		94873BBD2C738FE800620B4A /* Frameworks */ = {
			isa = PBXFrameworksBuildPhase;
			buildActionMask = 2147483647;
			files = (
			);
			runOnlyForDeploymentPostprocessing = 0;
		};
/* End PBXFrameworksBuildPhase section */

/* Begin PBXGroup section */
		94873B972C738FE600620B4A = {
			isa = PBXGroup;
			children = (
				94873BA22C738FE600620B4A /* IQ-Quiz */,
				94873BB92C738FE800620B4A /* IQ-QuizTests */,
				94873BC32C738FE800620B4A /* IQ-QuizUITests */,
				94873BA12C738FE600620B4A /* Products */,
			);
			sourceTree = "<group>";
		};
		94873BA12C738FE600620B4A /* Products */ = {
			isa = PBXGroup;
			children = (
				94873BA02C738FE600620B4A /* IQ-Quiz.app */,
				94873BB62C738FE800620B4A /* IQ-QuizTests.xctest */,
				94873BC02C738FE800620B4A /* IQ-QuizUITests.xctest */,
			);
			name = Products;
			sourceTree = "<group>";
		};
		94873BA22C738FE600620B4A /* IQ-Quiz */ = {
			isa = PBXGroup;
			children = (
				94873BA32C738FE600620B4A /* AppDelegate.swift */,
				94873BA52C738FE600620B4A /* SceneDelegate.swift */,
				94873BA72C738FE600620B4A /* ViewController.swift */,
				94873BA92C738FE600620B4A /* Main.storyboard */,
				94873BAC2C738FE800620B4A /* Assets.xcassets */,
				94873BAE2C738FE800620B4A /* LaunchScreen.storyboard */,
				94873BB12C738FE800620B4A /* Info.plist */,
			);
			path = "IQ-Quiz";
			sourceTree = "<group>";
		};
		94873BB92C738FE800620B4A /* IQ-QuizTests */ = {
			isa = PBXGroup;
			children = (
				94873BBA2C738FE800620B4A /* IQ_QuizTests.swift */,
			);
			path = "IQ-QuizTests";
			sourceTree = "<group>";
		};
		94873BC32C738FE800620B4A /* IQ-QuizUITests */ = {
			isa = PBXGroup;
			children = (
				94873BC42C738FE800620B4A /* IQ_QuizUITests.swift */,
				94873BC62C738FE800620B4A /* IQ_QuizUITestsLaunchTests.swift */,
			);
			path = "IQ-QuizUITests";
			sourceTree = "<group>";
		};
/* End PBXGroup section */

/* Begin PBXNativeTarget section */
		94873B9F2C738FE600620B4A /* IQ-Quiz */ = {
			isa = PBXNativeTarget;
			buildConfigurationList = 94873BCA2C738FE800620B4A /* Build configuration list for PBXNativeTarget "IQ-Quiz" */;
			buildPhases = (
				94873B9C2C738FE600620B4A /* Sources */,
				94873B9D2C738FE600620B4A /* Frameworks */,
				94873B9E2C738FE600620B4A /* Resources */,
			);
			buildRules = (
			);
			dependencies = (
			);
			name = "IQ-Quiz";
			productName = "IQ-Quiz";
			productReference = 94873BA02C738FE600620B4A /* IQ-Quiz.app */;
			productType = "com.apple.product-type.application";
		};
		94873BB52C738FE800620B4A /* IQ-QuizTests */ = {
			isa = PBXNativeTarget;
			buildConfigurationList = 94873BCD2C738FE800620B4A /* Build configuration list for PBXNativeTarget "IQ-QuizTests" */;
			buildPhases = (
				94873BB22C738FE800620B4A /* Sources */,
				94873BB32C738FE800620B4A /* Frameworks */,
				94873BB42C738FE800620B4A /* Resources */,
			);
			buildRules = (
			);
			dependencies = (
				94873BB82C738FE800620B4A /* PBXTargetDependency */,
			);
			name = "IQ-QuizTests";
			productName = "IQ-QuizTests";
			productReference = 94873BB62C738FE800620B4A /* IQ-QuizTests.xctest */;
			productType = "com.apple.product-type.bundle.unit-test";
		};
		94873BBF2C738FE800620B4A /* IQ-QuizUITests */ = {
			isa = PBXNativeTarget;
			buildConfigurationList = 94873BD02C738FE800620B4A /* Build configuration list for PBXNativeTarget "IQ-QuizUITests" */;
			buildPhases = (
				94873BBC2C738FE800620B4A /* Sources */,
				94873BBD2C738FE800620B4A /* Frameworks */,
				94873BBE2C738FE800620B4A /* Resources */,
			);
			buildRules = (
			);
			dependencies = (
				94873BC22C738FE800620B4A /* PBXTargetDependency */,
			);
			name = "IQ-QuizUITests";
			productName = "IQ-QuizUITests";
			productReference = 94873BC02C738FE800620B4A /* IQ-QuizUITests.xctest */;
			productType = "com.apple.product-type.bundle.ui-testing";
		};
/* End PBXNativeTarget section */

/* Begin PBXProject section */
		94873B982C738FE600620B4A /* Project object */ = {
			isa = PBXProject;
			attributes = {
				BuildIndependentTargetsInParallel = 1;
				LastSwiftUpdateCheck = 1540;
				LastUpgradeCheck = 1540;
				TargetAttributes = {
					94873B9F2C738FE600620B4A = {
						CreatedOnToolsVersion = 15.4;
					};
					94873BB52C738FE800620B4A = {
						CreatedOnToolsVersion = 15.4;
						TestTargetID = 94873B9F2C738FE600620B4A;
					};
					94873BBF2C738FE800620B4A = {
						CreatedOnToolsVersion = 15.4;
						TestTargetID = 94873B9F2C738FE600620B4A;
					};
				};
			};
			buildConfigurationList = 94873B9B2C738FE600620B4A /* Build configuration list for PBXProject "IQ-Quiz" */;
			compatibilityVersion = "Xcode 14.0";
			developmentRegion = en;
			hasScannedForEncodings = 0;
			knownRegions = (
				en,
				Base,
			);
			mainGroup = 94873B972C738FE600620B4A;
			productRefGroup = 94873BA12C738FE600620B4A /* Products */;
			projectDirPath = "";
			projectRoot = "";
			targets = (
				94873B9F2C738FE600620B4A /* IQ-Quiz */,
				94873BB52C738FE800620B4A /* IQ-QuizTests */,
				94873BBF2C738FE800620B4A /* IQ-QuizUITests */,
			);
		};
/* End PBXProject section */

/* Begin PBXResourcesBuildPhase section */
		94873B9E2C738FE600620B4A /* Resources */ = {
			isa = PBXResourcesBuildPhase;
			buildActionMask = 2147483647;
			files = (
				94873BAD2C738FE800620B4A /* Assets.xcassets in Resources */,
				94873BB02C738FE800620B4A /* Base in Resources */,
				94873BAB2C738FE600620B4A /* Base in Resources */,
			);
			runOnlyForDeploymentPostprocessing = 0;
		};
		94873BB42C738FE800620B4A /* Resources */ = {
			isa = PBXResourcesBuildPhase;
			buildActionMask = 2147483647;
			files = (
			);
			runOnlyForDeploymentPostprocessing = 0;
		};
		94873BBE2C738FE800620B4A /* Resources */ = {
			isa = PBXResourcesBuildPhase;
			buildActionMask = 2147483647;
			files = (
			);
			runOnlyForDeploymentPostprocessing = 0;
		};
/* End PBXResourcesBuildPhase section */

/* Begin PBXSourcesBuildPhase section */
		94873B9C2C738FE600620B4A /* Sources */ = {
			isa = PBXSourcesBuildPhase;
			buildActionMask = 2147483647;
			files = (
				94873BA82C738FE600620B4A /* ViewController.swift in Sources */,
				94873BA42C738FE600620B4A /* AppDelegate.swift in Sources */,
				94873BA62C738FE600620B4A /* SceneDelegate.swift in Sources */,
			);
			runOnlyForDeploymentPostprocessing = 0;
		};
		94873BB22C738FE800620B4A /* Sources */ = {
			isa = PBXSourcesBuildPhase;
			buildActionMask = 2147483647;
			files = (
				94873BBB2C738FE800620B4A /* IQ_QuizTests.swift in Sources */,
			);
			runOnlyForDeploymentPostprocessing = 0;
		};
		94873BBC2C738FE800620B4A /* Sources */ = {
			isa = PBXSourcesBuildPhase;
			buildActionMask = 2147483647;
			files = (
				94873BC52C738FE800620B4A /* IQ_QuizUITests.swift in Sources */,
				94873BC72C738FE800620B4A /* IQ_QuizUITestsLaunchTests.swift in Sources */,
			);
			runOnlyForDeploymentPostprocessing = 0;
		};
/* End PBXSourcesBuildPhase section */

/* Begin PBXTargetDependency section */
		94873BB82C738FE800620B4A /* PBXTargetDependency */ = {
			isa = PBXTargetDependency;
			target = 94873B9F2C738FE600620B4A /* IQ-Quiz */;
			targetProxy = 94873BB72C738FE800620B4A /* PBXContainerItemProxy */;
		};
		94873BC22C738FE800620B4A /* PBXTargetDependency */ = {
			isa = PBXTargetDependency;
			target = 94873B9F2C738FE600620B4A /* IQ-Quiz */;
			targetProxy = 94873BC12C738FE800620B4A /* PBXContainerItemProxy */;
		};
/* End PBXTargetDependency section */

/* Begin PBXVariantGroup section */
		94873BA92C738FE600620B4A /* Main.storyboard */ = {
			isa = PBXVariantGroup;
			children = (
				94873BAA2C738FE600620B4A /* Base */,
			);
			name = Main.storyboard;
			sourceTree = "<group>";
		};
		94873BAE2C738FE800620B4A /* LaunchScreen.storyboard */ = {
			isa = PBXVariantGroup;
			children = (
				94873BAF2C738FE800620B4A /* Base */,
			);
			name = LaunchScreen.storyboard;
			sourceTree = "<group>";
		};
/* End PBXVariantGroup section */

/* Begin XCBuildConfiguration section */
		94873BC82C738FE800620B4A /* Debug */ = {
			isa = XCBuildConfiguration;
			buildSettings = {
				ALWAYS_SEARCH_USER_PATHS = NO;
				ASSETCATALOG_COMPILER_GENERATE_SWIFT_ASSET_SYMBOL_EXTENSIONS = YES;
				CLANG_ANALYZER_NONNULL = YES;
				CLANG_ANALYZER_NUMBER_OBJECT_CONVERSION = YES_AGGRESSIVE;
				CLANG_CXX_LANGUAGE_STANDARD = "gnu++20";
				CLANG_ENABLE_MODULES = YES;
				CLANG_ENABLE_OBJC_ARC = YES;
				CLANG_ENABLE_OBJC_WEAK = YES;
				CLANG_WARN_BLOCK_CAPTURE_AUTORELEASING = YES;
				CLANG_WARN_BOOL_CONVERSION = YES;
				CLANG_WARN_COMMA = YES;
				CLANG_WARN_CONSTANT_CONVERSION = YES;
				CLANG_WARN_DEPRECATED_OBJC_IMPLEMENTATIONS = YES;
				CLANG_WARN_DIRECT_OBJC_ISA_USAGE = YES_ERROR;
				CLANG_WARN_DOCUMENTATION_COMMENTS = YES;
				CLANG_WARN_EMPTY_BODY = YES;
				CLANG_WARN_ENUM_CONVERSION = YES;
				CLANG_WARN_INFINITE_RECURSION = YES;
				CLANG_WARN_INT_CONVERSION = YES;
				CLANG_WARN_NON_LITERAL_NULL_CONVERSION = YES;
				CLANG_WARN_OBJC_IMPLICIT_RETAIN_SELF = YES;
				CLANG_WARN_OBJC_LITERAL_CONVERSION = YES;
				CLANG_WARN_OBJC_ROOT_CLASS = YES_ERROR;
				CLANG_WARN_QUOTED_INCLUDE_IN_FRAMEWORK_HEADER = YES;
				CLANG_WARN_RANGE_LOOP_ANALYSIS = YES;
				CLANG_WARN_STRICT_PROTOTYPES = YES;
				CLANG_WARN_SUSPICIOUS_MOVE = YES;
				CLANG_WARN_UNGUARDED_AVAILABILITY = YES_AGGRESSIVE;
				CLANG_WARN_UNREACHABLE_CODE = YES;
				CLANG_WARN__DUPLICATE_METHOD_MATCH = YES;
				COPY_PHASE_STRIP = NO;
				DEBUG_INFORMATION_FORMAT = dwarf;
				ENABLE_STRICT_OBJC_MSGSEND = YES;
				ENABLE_TESTABILITY = YES;
				ENABLE_USER_SCRIPT_SANDBOXING = YES;
				GCC_C_LANGUAGE_STANDARD = gnu17;
				GCC_DYNAMIC_NO_PIC = NO;
				GCC_NO_COMMON_BLOCKS = YES;
				GCC_OPTIMIZATION_LEVEL = 0;
				GCC_PREPROCESSOR_DEFINITIONS = (
					"DEBUG=1",
					"$(inherited)",
				);
				GCC_WARN_64_TO_32_BIT_CONVERSION = YES;
				GCC_WARN_ABOUT_RETURN_TYPE = YES_ERROR;
				GCC_WARN_UNDECLARED_SELECTOR = YES;
				GCC_WARN_UNINITIALIZED_AUTOS = YES_AGGRESSIVE;
				GCC_WARN_UNUSED_FUNCTION = YES;
				GCC_WARN_UNUSED_VARIABLE = YES;
				IPHONEOS_DEPLOYMENT_TARGET = 17.5;
				LOCALIZATION_PREFERS_STRING_CATALOGS = YES;
				MTL_ENABLE_DEBUG_INFO = INCLUDE_SOURCE;
				MTL_FAST_MATH = YES;
				ONLY_ACTIVE_ARCH = YES;
				SDKROOT = iphoneos;
				SWIFT_ACTIVE_COMPILATION_CONDITIONS = "DEBUG $(inherited)";
				SWIFT_OPTIMIZATION_LEVEL = "-Onone";
			};
			name = Debug;
		};
		94873BC92C738FE800620B4A /* Release */ = {
			isa = XCBuildConfiguration;
			buildSettings = {
				ALWAYS_SEARCH_USER_PATHS = NO;
				ASSETCATALOG_COMPILER_GENERATE_SWIFT_ASSET_SYMBOL_EXTENSIONS = YES;
				CLANG_ANALYZER_NONNULL = YES;
				CLANG_ANALYZER_NUMBER_OBJECT_CONVERSION = YES_AGGRESSIVE;
				CLANG_CXX_LANGUAGE_STANDARD = "gnu++20";
				CLANG_ENABLE_MODULES = YES;
				CLANG_ENABLE_OBJC_ARC = YES;
				CLANG_ENABLE_OBJC_WEAK = YES;
				CLANG_WARN_BLOCK_CAPTURE_AUTORELEASING = YES;
				CLANG_WARN_BOOL_CONVERSION = YES;
				CLANG_WARN_COMMA = YES;
				CLANG_WARN_CONSTANT_CONVERSION = YES;
				CLANG_WARN_DEPRECATED_OBJC_IMPLEMENTATIONS = YES;
				CLANG_WARN_DIRECT_OBJC_ISA_USAGE = YES_ERROR;
				CLANG_WARN_DOCUMENTATION_COMMENTS = YES;
				CLANG_WARN_EMPTY_BODY = YES;
				CLANG_WARN_ENUM_CONVERSION = YES;
				CLANG_WARN_INFINITE_RECURSION = YES;
				CLANG_WARN_INT_CONVERSION = YES;
				CLANG_WARN_NON_LITERAL_NULL_CONVERSION = YES;
				CLANG_WARN_OBJC_IMPLICIT_RETAIN_SELF = YES;
				CLANG_WARN_OBJC_LITERAL_CONVERSION = YES;
				CLANG_WARN_OBJC_ROOT_CLASS = YES_ERROR;
				CLANG_WARN_QUOTED_INCLUDE_IN_FRAMEWORK_HEADER = YES;
				CLANG_WARN_RANGE_LOOP_ANALYSIS = YES;
				CLANG_WARN_STRICT_PROTOTYPES = YES;
				CLANG_WARN_SUSPICIOUS_MOVE = YES;
				CLANG_WARN_UNGUARDED_AVAILABILITY = YES_AGGRESSIVE;
				CLANG_WARN_UNREACHABLE_CODE = YES;
				CLANG_WARN__DUPLICATE_METHOD_MATCH = YES;
				COPY_PHASE_STRIP = NO;
				DEBUG_INFORMATION_FORMAT = "dwarf-with-dsym";
				ENABLE_NS_ASSERTIONS = NO;
				ENABLE_STRICT_OBJC_MSGSEND = YES;
				ENABLE_USER_SCRIPT_SANDBOXING = YES;
				GCC_C_LANGUAGE_STANDARD = gnu17;
				GCC_NO_COMMON_BLOCKS = YES;
				GCC_WARN_64_TO_32_BIT_CONVERSION = YES;
				GCC_WARN_ABOUT_RETURN_TYPE = YES_ERROR;
				GCC_WARN_UNDECLARED_SELECTOR = YES;
				GCC_WARN_UNINITIALIZED_AUTOS = YES_AGGRESSIVE;
				GCC_WARN_UNUSED_FUNCTION = YES;
				GCC_WARN_UNUSED_VARIABLE = YES;
				IPHONEOS_DEPLOYMENT_TARGET = 17.5;
				LOCALIZATION_PREFERS_STRING_CATALOGS = YES;
				MTL_ENABLE_DEBUG_INFO = NO;
				MTL_FAST_MATH = YES;
				SDKROOT = iphoneos;
				SWIFT_COMPILATION_MODE = wholemodule;
				VALIDATE_PRODUCT = YES;
			};
			name = Release;
		};
		94873BCB2C738FE800620B4A /* Debug */ = {
			isa = XCBuildConfiguration;
			buildSettings = {
				ASSETCATALOG_COMPILER_APPICON_NAME = AppIcon;
				ASSETCATALOG_COMPILER_GLOBAL_ACCENT_COLOR_NAME = AccentColor;
				CODE_SIGN_STYLE = Automatic;
				CURRENT_PROJECT_VERSION = 1;
				GENERATE_INFOPLIST_FILE = YES;
				INFOPLIST_FILE = "IQ-Quiz/Info.plist";
				INFOPLIST_KEY_UIApplicationSupportsIndirectInputEvents = YES;
				INFOPLIST_KEY_UILaunchStoryboardName = LaunchScreen;
				INFOPLIST_KEY_UIMainStoryboardFile = Main;
				INFOPLIST_KEY_UISupportedInterfaceOrientations_iPad = "UIInterfaceOrientationPortrait UIInterfaceOrientationPortraitUpsideDown UIInterfaceOrientationLandscapeLeft UIInterfaceOrientationLandscapeRight";
				INFOPLIST_KEY_UISupportedInterfaceOrientations_iPhone = "UIInterfaceOrientationPortrait UIInterfaceOrientationLandscapeLeft UIInterfaceOrientationLandscapeRight";
				LD_RUNPATH_SEARCH_PATHS = (
					"$(inherited)",
					"@executable_path/Frameworks",
				);
				MARKETING_VERSION = 1.0;
				PRODUCT_BUNDLE_IDENTIFIER = "com.mertalp.IQ-Quiz";
				PRODUCT_NAME = "$(TARGET_NAME)";
				SWIFT_EMIT_LOC_STRINGS = YES;
				SWIFT_VERSION = 5.0;
				TARGETED_DEVICE_FAMILY = "1,2";
			};
			name = Debug;
		};
		94873BCC2C738FE800620B4A /* Release */ = {
			isa = XCBuildConfiguration;
			buildSettings = {
				ASSETCATALOG_COMPILER_APPICON_NAME = AppIcon;
				ASSETCATALOG_COMPILER_GLOBAL_ACCENT_COLOR_NAME = AccentColor;
				CODE_SIGN_STYLE = Automatic;
				CURRENT_PROJECT_VERSION = 1;
				GENERATE_INFOPLIST_FILE = YES;
				INFOPLIST_FILE = "IQ-Quiz/Info.plist";
				INFOPLIST_KEY_UIApplicationSupportsIndirectInputEvents = YES;
				INFOPLIST_KEY_UILaunchStoryboardName = LaunchScreen;
				INFOPLIST_KEY_UIMainStoryboardFile = Main;
				INFOPLIST_KEY_UISupportedInterfaceOrientations_iPad = "UIInterfaceOrientationPortrait UIInterfaceOrientationPortraitUpsideDown UIInterfaceOrientationLandscapeLeft UIInterfaceOrientationLandscapeRight";
				INFOPLIST_KEY_UISupportedInterfaceOrientations_iPhone = "UIInterfaceOrientationPortrait UIInterfaceOrientationLandscapeLeft UIInterfaceOrientationLandscapeRight";
				LD_RUNPATH_SEARCH_PATHS = (
					"$(inherited)",
					"@executable_path/Frameworks",
				);
				MARKETING_VERSION = 1.0;
				PRODUCT_BUNDLE_IDENTIFIER = "com.mertalp.IQ-Quiz";
				PRODUCT_NAME = "$(TARGET_NAME)";
				SWIFT_EMIT_LOC_STRINGS = YES;
				SWIFT_VERSION = 5.0;
				TARGETED_DEVICE_FAMILY = "1,2";
			};
			name = Release;
		};
		94873BCE2C738FE800620B4A /* Debug */ = {
			isa = XCBuildConfiguration;
			buildSettings = {
				ALWAYS_EMBED_SWIFT_STANDARD_LIBRARIES = YES;
				BUNDLE_LOADER = "$(TEST_HOST)";
				CODE_SIGN_STYLE = Automatic;
				CURRENT_PROJECT_VERSION = 1;
				GENERATE_INFOPLIST_FILE = YES;
				IPHONEOS_DEPLOYMENT_TARGET = 17.5;
				MARKETING_VERSION = 1.0;
				PRODUCT_BUNDLE_IDENTIFIER = "com.mertalp.IQ-QuizTests";
				PRODUCT_NAME = "$(TARGET_NAME)";
				SWIFT_EMIT_LOC_STRINGS = NO;
				SWIFT_VERSION = 5.0;
				TARGETED_DEVICE_FAMILY = "1,2";
				TEST_HOST = "$(BUILT_PRODUCTS_DIR)/IQ-Quiz.app/$(BUNDLE_EXECUTABLE_FOLDER_PATH)/IQ-Quiz";
			};
			name = Debug;
		};
		94873BCF2C738FE800620B4A /* Release */ = {
			isa = XCBuildConfiguration;
			buildSettings = {
				ALWAYS_EMBED_SWIFT_STANDARD_LIBRARIES = YES;
				BUNDLE_LOADER = "$(TEST_HOST)";
				CODE_SIGN_STYLE = Automatic;
				CURRENT_PROJECT_VERSION = 1;
				GENERATE_INFOPLIST_FILE = YES;
				IPHONEOS_DEPLOYMENT_TARGET = 17.5;
				MARKETING_VERSION = 1.0;
				PRODUCT_BUNDLE_IDENTIFIER = "com.mertalp.IQ-QuizTests";
				PRODUCT_NAME = "$(TARGET_NAME)";
				SWIFT_EMIT_LOC_STRINGS = NO;
				SWIFT_VERSION = 5.0;
				TARGETED_DEVICE_FAMILY = "1,2";
				TEST_HOST = "$(BUILT_PRODUCTS_DIR)/IQ-Quiz.app/$(BUNDLE_EXECUTABLE_FOLDER_PATH)/IQ-Quiz";
			};
			name = Release;
		};
		94873BD12C738FE800620B4A /* Debug */ = {
			isa = XCBuildConfiguration;
			buildSettings = {
				ALWAYS_EMBED_SWIFT_STANDARD_LIBRARIES = YES;
				CODE_SIGN_STYLE = Automatic;
				CURRENT_PROJECT_VERSION = 1;
				GENERATE_INFOPLIST_FILE = YES;
				MARKETING_VERSION = 1.0;
				PRODUCT_BUNDLE_IDENTIFIER = "com.mertalp.IQ-QuizUITests";
				PRODUCT_NAME = "$(TARGET_NAME)";
				SWIFT_EMIT_LOC_STRINGS = NO;
				SWIFT_VERSION = 5.0;
				TARGETED_DEVICE_FAMILY = "1,2";
				TEST_TARGET_NAME = "IQ-Quiz";
			};
			name = Debug;
		};
		94873BD22C738FE800620B4A /* Release */ = {
			isa = XCBuildConfiguration;
			buildSettings = {
				ALWAYS_EMBED_SWIFT_STANDARD_LIBRARIES = YES;
				CODE_SIGN_STYLE = Automatic;
				CURRENT_PROJECT_VERSION = 1;
				GENERATE_INFOPLIST_FILE = YES;
				MARKETING_VERSION = 1.0;
				PRODUCT_BUNDLE_IDENTIFIER = "com.mertalp.IQ-QuizUITests";
				PRODUCT_NAME = "$(TARGET_NAME)";
				SWIFT_EMIT_LOC_STRINGS = NO;
				SWIFT_VERSION = 5.0;
				TARGETED_DEVICE_FAMILY = "1,2";
				TEST_TARGET_NAME = "IQ-Quiz";
			};
			name = Release;
		};
/* End XCBuildConfiguration section */

/* Begin XCConfigurationList section */
		94873B9B2C738FE600620B4A /* Build configuration list for PBXProject "IQ-Quiz" */ = {
			isa = XCConfigurationList;
			buildConfigurations = (
				94873BC82C738FE800620B4A /* Debug */,
				94873BC92C738FE800620B4A /* Release */,
			);
			defaultConfigurationIsVisible = 0;
			defaultConfigurationName = Release;
		};
		94873BCA2C738FE800620B4A /* Build configuration list for PBXNativeTarget "IQ-Quiz" */ = {
			isa = XCConfigurationList;
			buildConfigurations = (
				94873BCB2C738FE800620B4A /* Debug */,
				94873BCC2C738FE800620B4A /* Release */,
			);
			defaultConfigurationIsVisible = 0;
			defaultConfigurationName = Release;
		};
		94873BCD2C738FE800620B4A /* Build configuration list for PBXNativeTarget "IQ-QuizTests" */ = {
			isa = XCConfigurationList;
			buildConfigurations = (
				94873BCE2C738FE800620B4A /* Debug */,
				94873BCF2C738FE800620B4A /* Release */,
			);
			defaultConfigurationIsVisible = 0;
			defaultConfigurationName = Release;
		};
		94873BD02C738FE800620B4A /* Build configuration list for PBXNativeTarget "IQ-QuizUITests" */ = {
			isa = XCConfigurationList;
			buildConfigurations = (
				94873BD12C738FE800620B4A /* Debug */,
				94873BD22C738FE800620B4A /* Release */,
			);
			defaultConfigurationIsVisible = 0;
			defaultConfigurationName = Release;
		};
/* End XCConfigurationList section */
	};
	rootObject = 94873B982C738FE600620B4A /* Project object */;
}
