// !$*UTF8*$!
{
	archiveVersion = 1;
	classes = {
	};
	objectVersion = 56;
	objects = {

/* Begin PBXBuildFile section */
		940FB46A2CB678D000A47E74 /* NotificationService.swift in Sources */ = {isa = PBXBuildFile; fileRef = 940FB4692CB678D000A47E74 /* NotificationService.swift */; };
		9425300E2CB4333300122794 /* Localizable.strings in Resources */ = {isa = PBXBuildFile; fileRef = 9425300C2CB4333300122794 /* Localizable.strings */; };
		942530122CB4408D00122794 /* LanguageService.swift in Sources */ = {isa = PBXBuildFile; fileRef = 942530112CB4408D00122794 /* LanguageService.swift */; };
		94447DE12CB2F8B600A5252F /* GoogleMobileAds in Frameworks */ = {isa = PBXBuildFile; productRef = 94447DE02CB2F8B600A5252F /* GoogleMobileAds */; };
		944C514F2CB802F600996194 /* questions_es.json in Sources */ = {isa = PBXBuildFile; fileRef = 944C514E2CB802E900996194 /* questions_es.json */; };
		944C51502CB807EE00996194 /* questions_es.json in Resources */ = {isa = PBXBuildFile; fileRef = 944C514E2CB802E900996194 /* questions_es.json */; };
		9462FAA02C820C6E008E4876 /* ResultViewModelProtocol.swift in Sources */ = {isa = PBXBuildFile; fileRef = 9462FA9F2C820C6E008E4876 /* ResultViewModelProtocol.swift */; };
		9463EAD42C7E01BB003D7295 /* CustomButton.swift in Sources */ = {isa = PBXBuildFile; fileRef = 9463EAD32C7E01BA003D7295 /* CustomButton.swift */; };
		9463EADC2C7E0ED5003D7295 /* AnimateLogo.swift in Sources */ = {isa = PBXBuildFile; fileRef = 9463EADB2C7E0ED5003D7295 /* AnimateLogo.swift */; };
		946AEAE32CB0430A00B16F05 /* SnapKit in Frameworks */ = {isa = PBXBuildFile; productRef = 946AEAE22CB0430A00B16F05 /* SnapKit */; };
		9473C63C2CB599D800988EFE /* questions_en.json in Resources */ = {isa = PBXBuildFile; fileRef = 9473C63B2CB599D300988EFE /* questions_en.json */; };
		9474F3482CB08CB200D5540A /* SVCButton.swift in Sources */ = {isa = PBXBuildFile; fileRef = 9474F3472CB08CB200D5540A /* SVCButton.swift */; };
		9476C7AE2C78B467002648A0 /* ResultController.swift in Sources */ = {isa = PBXBuildFile; fileRef = 9476C7AD2C78B467002648A0 /* ResultController.swift */; };
		9476C7B12C78B4AA002648A0 /* ResultCoordinator.swift in Sources */ = {isa = PBXBuildFile; fileRef = 9476C7B02C78B4AA002648A0 /* ResultCoordinator.swift */; };
		9476C7B32C78B4C4002648A0 /* ResultViewModel.swift in Sources */ = {isa = PBXBuildFile; fileRef = 9476C7B22C78B4C4002648A0 /* ResultViewModel.swift */; };
		9484AFD02CB552B5009DEBCB /* LocalizationManager.swift in Sources */ = {isa = PBXBuildFile; fileRef = 9484AFCF2CB552B5009DEBCB /* LocalizationManager.swift */; };
		9484AFD22CB552DE009DEBCB /* Bundle+SetLanguage.swift in Sources */ = {isa = PBXBuildFile; fileRef = 9484AFD12CB552D0009DEBCB /* Bundle+SetLanguage.swift */; };
		94873BA42C738FE600620B4A /* AppDelegate.swift in Sources */ = {isa = PBXBuildFile; fileRef = 94873BA32C738FE600620B4A /* AppDelegate.swift */; };
		94873BA62C738FE600620B4A /* SceneDelegate.swift in Sources */ = {isa = PBXBuildFile; fileRef = 94873BA52C738FE600620B4A /* SceneDelegate.swift */; };
		94873BAD2C738FE800620B4A /* Assets.xcassets in Resources */ = {isa = PBXBuildFile; fileRef = 94873BAC2C738FE800620B4A /* Assets.xcassets */; };
		94873BB02C738FE800620B4A /* Base in Resources */ = {isa = PBXBuildFile; fileRef = 94873BAF2C738FE800620B4A /* Base */; };
		94873BBB2C738FE800620B4A /* IQ_QuizTests.swift in Sources */ = {isa = PBXBuildFile; fileRef = 94873BBA2C738FE800620B4A /* IQ_QuizTests.swift */; };
		94873BC52C738FE800620B4A /* IQ_QuizUITests.swift in Sources */ = {isa = PBXBuildFile; fileRef = 94873BC42C738FE800620B4A /* IQ_QuizUITests.swift */; };
		94873BC72C738FE800620B4A /* IQ_QuizUITestsLaunchTests.swift in Sources */ = {isa = PBXBuildFile; fileRef = 94873BC62C738FE800620B4A /* IQ_QuizUITestsLaunchTests.swift */; };
		94873BE02C7391F900620B4A /* AppCoordinator.swift in Sources */ = {isa = PBXBuildFile; fileRef = 94873BDF2C7391F900620B4A /* AppCoordinator.swift */; };
		94873BEA2C73988500620B4A /* BaseCoordinator.swift in Sources */ = {isa = PBXBuildFile; fileRef = 94873BE92C73988500620B4A /* BaseCoordinator.swift */; };
		94873BED2C7398A700620B4A /* BaseController.swift in Sources */ = {isa = PBXBuildFile; fileRef = 94873BEC2C7398A700620B4A /* BaseController.swift */; };
		94873BF62C739AA200620B4A /* BaseViewModel.swift in Sources */ = {isa = PBXBuildFile; fileRef = 94873BF52C739AA200620B4A /* BaseViewModel.swift */; };
		94873BF82C739B1500620B4A /* StartCoordinator.swift in Sources */ = {isa = PBXBuildFile; fileRef = 94873BF72C739B1500620B4A /* StartCoordinator.swift */; };
		94873BFA2C739B2800620B4A /* StartViewModel.swift in Sources */ = {isa = PBXBuildFile; fileRef = 94873BF92C739B2800620B4A /* StartViewModel.swift */; };
		94873BFC2C739B3500620B4A /* StartViewController.swift in Sources */ = {isa = PBXBuildFile; fileRef = 94873BFB2C739B3500620B4A /* StartViewController.swift */; };
		94873C012C739E5600620B4A /* TabBarCoordinator.swift in Sources */ = {isa = PBXBuildFile; fileRef = 94873C002C739E5600620B4A /* TabBarCoordinator.swift */; };
		94873C032C739E7000620B4A /* TabBarFactory.swift in Sources */ = {isa = PBXBuildFile; fileRef = 94873C022C739E7000620B4A /* TabBarFactory.swift */; };
		94873C0F2C739FD600620B4A /* ProfileCoordinator.swift in Sources */ = {isa = PBXBuildFile; fileRef = 94873C0E2C739FD600620B4A /* ProfileCoordinator.swift */; };
		94873C112C739FE400620B4A /* ProfileController.swift in Sources */ = {isa = PBXBuildFile; fileRef = 94873C102C739FE400620B4A /* ProfileController.swift */; };
		94873C132C73A00A00620B4A /* ProfileViewModel.swift in Sources */ = {isa = PBXBuildFile; fileRef = 94873C122C73A00A00620B4A /* ProfileViewModel.swift */; };
		94873C152C73A01500620B4A /* ProfileViewModelProtocol.swift in Sources */ = {isa = PBXBuildFile; fileRef = 94873C142C73A01500620B4A /* ProfileViewModelProtocol.swift */; };
		94873C192C73A05D00620B4A /* StartViewModelProtocol.swift in Sources */ = {isa = PBXBuildFile; fileRef = 94873C182C73A05D00620B4A /* StartViewModelProtocol.swift */; };
		94873C1B2C73A14C00620B4A /* LatestTestsController.swift in Sources */ = {isa = PBXBuildFile; fileRef = 94873C1A2C73A14C00620B4A /* LatestTestsController.swift */; };
		94873C1D2C73A1A200620B4A /* LatestTestsCoordinator.swift in Sources */ = {isa = PBXBuildFile; fileRef = 94873C1C2C73A1A200620B4A /* LatestTestsCoordinator.swift */; };
		94873C1F2C73A1AD00620B4A /* LatestTestsViewModel.swift in Sources */ = {isa = PBXBuildFile; fileRef = 94873C1E2C73A1AD00620B4A /* LatestTestsViewModel.swift */; };
		94873C212C73A1D400620B4A /* LatestTestsViewModelProtocol.swift in Sources */ = {isa = PBXBuildFile; fileRef = 94873C202C73A1D400620B4A /* LatestTestsViewModelProtocol.swift */; };
		94873C242C73A8B900620B4A /* Question.swift in Sources */ = {isa = PBXBuildFile; fileRef = 94873C232C73A8B900620B4A /* Question.swift */; };
		94873C272C73AEC700620B4A /* questions_tr.json in Sources */ = {isa = PBXBuildFile; fileRef = 94873C262C73AEC700620B4A /* questions_tr.json */; };
		94873C312C73B62C00620B4A /* QuizCoordinator.swift in Sources */ = {isa = PBXBuildFile; fileRef = 94873C302C73B62C00620B4A /* QuizCoordinator.swift */; };
		94873C332C73B64600620B4A /* QuizViewController.swift in Sources */ = {isa = PBXBuildFile; fileRef = 94873C322C73B64600620B4A /* QuizViewController.swift */; };
		94873C352C73B65200620B4A /* QuizViewModel.swift in Sources */ = {isa = PBXBuildFile; fileRef = 94873C342C73B65200620B4A /* QuizViewModel.swift */; };
		94873C372C73B66B00620B4A /* QuizViewModelProtocol.swift in Sources */ = {isa = PBXBuildFile; fileRef = 94873C362C73B66B00620B4A /* QuizViewModelProtocol.swift */; };
		94873C3B2C746CE900620B4A /* UIColor+Hex.swift in Sources */ = {isa = PBXBuildFile; fileRef = 94873C3A2C746CE900620B4A /* UIColor+Hex.swift */; };
		948E36D12CBA6A9300858F13 /* OnboardingCoordinator.swift in Sources */ = {isa = PBXBuildFile; fileRef = 948E36D02CBA6A8A00858F13 /* OnboardingCoordinator.swift */; };
		948E36D32CBA6AA000858F13 /* OnboardingViewModel.swift in Sources */ = {isa = PBXBuildFile; fileRef = 948E36D22CBA6A9C00858F13 /* OnboardingViewModel.swift */; };
		948E36D52CBAAD4800858F13 /* OnboardingViewController.swift in Sources */ = {isa = PBXBuildFile; fileRef = 948E36D42CBAAD3800858F13 /* OnboardingViewController.swift */; };
		948E36D72CBAAEFD00858F13 /* OnboardingPageViewController.swift in Sources */ = {isa = PBXBuildFile; fileRef = 948E36D62CBAAEFB00858F13 /* OnboardingPageViewController.swift */; };
		948E36DB2CBADA1100858F13 /* UserDefaultsManager.swift in Sources */ = {isa = PBXBuildFile; fileRef = 948E36DA2CBADA1100858F13 /* UserDefaultsManager.swift */; };
		94BB3B702C7A12300016CF33 /* questions_tr.json in Resources */ = {isa = PBXBuildFile; fileRef = 94873C262C73AEC700620B4A /* questions_tr.json */; };
		94BB3B732C7A3FAF0016CF33 /* QuizResult.xcdatamodeld in Sources */ = {isa = PBXBuildFile; fileRef = 94BB3B712C7A3FAF0016CF33 /* QuizResult.xcdatamodeld */; };
		94BB3B752C7A502C0016CF33 /* LatetsTestCell.swift in Sources */ = {isa = PBXBuildFile; fileRef = 94BB3B742C7A502C0016CF33 /* LatetsTestCell.swift */; };
		94BB3B7A2C7A52560016CF33 /* CoreDataService.swift in Sources */ = {isa = PBXBuildFile; fileRef = 94BB3B792C7A52560016CF33 /* CoreDataService.swift */; };
		94BB3B7F2C7B52240016CF33 /* IQCalculator.swift in Sources */ = {isa = PBXBuildFile; fileRef = 94BB3B7E2C7B52240016CF33 /* IQCalculator.swift */; };
		94D1603A2CB31594003CB949 /* GoogleService-Info.plist in Resources */ = {isa = PBXBuildFile; fileRef = 94F768212C8CD6F4000E9180 /* GoogleService-Info.plist */; };
		94D1609B2CB3C940003CB949 /* MailService.swift in Sources */ = {isa = PBXBuildFile; fileRef = 94D1609A2CB3C940003CB949 /* MailService.swift */; };
		94D209532C7E392200855278 /* AppBar.swift in Sources */ = {isa = PBXBuildFile; fileRef = 94D209522C7E392200855278 /* AppBar.swift */; };
		94D2095B2C7F5A1D00855278 /* Constants.swift in Sources */ = {isa = PBXBuildFile; fileRef = 94D2095A2C7F5A1D00855278 /* Constants.swift */; };
		94F7681C2C8CD6CE000E9180 /* FirebaseAnalytics in Frameworks */ = {isa = PBXBuildFile; productRef = 94F7681B2C8CD6CE000E9180 /* FirebaseAnalytics */; };
		94F7681E2C8CD6CE000E9180 /* FirebaseCrashlytics in Frameworks */ = {isa = PBXBuildFile; productRef = 94F7681D2C8CD6CE000E9180 /* FirebaseCrashlytics */; };
		94F768202C8CD6CE000E9180 /* FirebaseFirestore in Frameworks */ = {isa = PBXBuildFile; productRef = 94F7681F2C8CD6CE000E9180 /* FirebaseFirestore */; };
/* End PBXBuildFile section */

/* Begin PBXContainerItemProxy section */
		94873BB72C738FE800620B4A /* PBXContainerItemProxy */ = {
			isa = PBXContainerItemProxy;
			containerPortal = 94873B982C738FE600620B4A /* Project object */;
			proxyType = 1;
			remoteGlobalIDString = 94873B9F2C738FE600620B4A;
			remoteInfo = "IQ-Quiz";
		};
		94873BC12C738FE800620B4A /* PBXContainerItemProxy */ = {
			isa = PBXContainerItemProxy;
			containerPortal = 94873B982C738FE600620B4A /* Project object */;
			proxyType = 1;
			remoteGlobalIDString = 94873B9F2C738FE600620B4A;
			remoteInfo = "IQ-Quiz";
		};
/* End PBXContainerItemProxy section */

/* Begin PBXFileReference section */
		940FB4692CB678D000A47E74 /* NotificationService.swift */ = {isa = PBXFileReference; lastKnownFileType = sourcecode.swift; path = NotificationService.swift; sourceTree = "<group>"; };
		9425300D2CB4333300122794 /* en */ = {isa = PBXFileReference; lastKnownFileType = text.plist.strings; name = en; path = en.lproj/Localizable.strings; sourceTree = "<group>"; };
		9425300F2CB4335400122794 /* tr */ = {isa = PBXFileReference; lastKnownFileType = text.plist.strings; name = tr; path = tr.lproj/Localizable.strings; sourceTree = "<group>"; };
		942530112CB4408D00122794 /* LanguageService.swift */ = {isa = PBXFileReference; lastKnownFileType = sourcecode.swift; path = LanguageService.swift; sourceTree = "<group>"; };
		944C514D2CB8023300996194 /* es */ = {isa = PBXFileReference; lastKnownFileType = text.plist.strings; name = es; path = es.lproj/Localizable.strings; sourceTree = "<group>"; };
		944C514E2CB802E900996194 /* questions_es.json */ = {isa = PBXFileReference; lastKnownFileType = text.json; path = questions_es.json; sourceTree = "<group>"; };
		9462FA9F2C820C6E008E4876 /* ResultViewModelProtocol.swift */ = {isa = PBXFileReference; lastKnownFileType = sourcecode.swift; path = ResultViewModelProtocol.swift; sourceTree = "<group>"; };
		9463EAD32C7E01BA003D7295 /* CustomButton.swift */ = {isa = PBXFileReference; lastKnownFileType = sourcecode.swift; path = CustomButton.swift; sourceTree = "<group>"; };
		9463EADB2C7E0ED5003D7295 /* AnimateLogo.swift */ = {isa = PBXFileReference; lastKnownFileType = sourcecode.swift; path = AnimateLogo.swift; sourceTree = "<group>"; };
		9473C63B2CB599D300988EFE /* questions_en.json */ = {isa = PBXFileReference; lastKnownFileType = text.json; path = questions_en.json; sourceTree = "<group>"; };
		9474F3472CB08CB200D5540A /* SVCButton.swift */ = {isa = PBXFileReference; lastKnownFileType = sourcecode.swift; name = SVCButton.swift; path = "IQ-Quiz/Feature/Start/SVCButton.swift"; sourceTree = SOURCE_ROOT; };
		9476C7AD2C78B467002648A0 /* ResultController.swift */ = {isa = PBXFileReference; lastKnownFileType = sourcecode.swift; path = ResultController.swift; sourceTree = "<group>"; };
		9476C7B02C78B4AA002648A0 /* ResultCoordinator.swift */ = {isa = PBXFileReference; lastKnownFileType = sourcecode.swift; path = ResultCoordinator.swift; sourceTree = "<group>"; };
		9476C7B22C78B4C4002648A0 /* ResultViewModel.swift */ = {isa = PBXFileReference; lastKnownFileType = sourcecode.swift; path = ResultViewModel.swift; sourceTree = "<group>"; };
		9484AFCF2CB552B5009DEBCB /* LocalizationManager.swift */ = {isa = PBXFileReference; lastKnownFileType = sourcecode.swift; path = LocalizationManager.swift; sourceTree = "<group>"; };
		9484AFD12CB552D0009DEBCB /* Bundle+SetLanguage.swift */ = {isa = PBXFileReference; lastKnownFileType = sourcecode.swift; path = "Bundle+SetLanguage.swift"; sourceTree = "<group>"; };
		94873BA02C738FE600620B4A /* IQ-Quiz.app */ = {isa = PBXFileReference; explicitFileType = wrapper.application; includeInIndex = 0; path = "IQ-Quiz.app"; sourceTree = BUILT_PRODUCTS_DIR; };
		94873BA32C738FE600620B4A /* AppDelegate.swift */ = {isa = PBXFileReference; lastKnownFileType = sourcecode.swift; path = AppDelegate.swift; sourceTree = "<group>"; };
		94873BA52C738FE600620B4A /* SceneDelegate.swift */ = {isa = PBXFileReference; lastKnownFileType = sourcecode.swift; path = SceneDelegate.swift; sourceTree = "<group>"; };
		94873BAC2C738FE800620B4A /* Assets.xcassets */ = {isa = PBXFileReference; lastKnownFileType = folder.assetcatalog; path = Assets.xcassets; sourceTree = "<group>"; };
		94873BAF2C738FE800620B4A /* Base */ = {isa = PBXFileReference; lastKnownFileType = file.storyboard; name = Base; path = Base.lproj/LaunchScreen.storyboard; sourceTree = "<group>"; };
		94873BB62C738FE800620B4A /* IQ-QuizTests.xctest */ = {isa = PBXFileReference; explicitFileType = wrapper.cfbundle; includeInIndex = 0; path = "IQ-QuizTests.xctest"; sourceTree = BUILT_PRODUCTS_DIR; };
		94873BBA2C738FE800620B4A /* IQ_QuizTests.swift */ = {isa = PBXFileReference; lastKnownFileType = sourcecode.swift; path = IQ_QuizTests.swift; sourceTree = "<group>"; };
		94873BC02C738FE800620B4A /* IQ-QuizUITests.xctest */ = {isa = PBXFileReference; explicitFileType = wrapper.cfbundle; includeInIndex = 0; path = "IQ-QuizUITests.xctest"; sourceTree = BUILT_PRODUCTS_DIR; };
		94873BC42C738FE800620B4A /* IQ_QuizUITests.swift */ = {isa = PBXFileReference; lastKnownFileType = sourcecode.swift; path = IQ_QuizUITests.swift; sourceTree = "<group>"; };
		94873BC62C738FE800620B4A /* IQ_QuizUITestsLaunchTests.swift */ = {isa = PBXFileReference; lastKnownFileType = sourcecode.swift; path = IQ_QuizUITestsLaunchTests.swift; sourceTree = "<group>"; };
		94873BDF2C7391F900620B4A /* AppCoordinator.swift */ = {isa = PBXFileReference; lastKnownFileType = sourcecode.swift; path = AppCoordinator.swift; sourceTree = "<group>"; };
		94873BE92C73988500620B4A /* BaseCoordinator.swift */ = {isa = PBXFileReference; lastKnownFileType = sourcecode.swift; path = BaseCoordinator.swift; sourceTree = "<group>"; };
		94873BEC2C7398A700620B4A /* BaseController.swift */ = {isa = PBXFileReference; lastKnownFileType = sourcecode.swift; path = BaseController.swift; sourceTree = "<group>"; };
		94873BF52C739AA200620B4A /* BaseViewModel.swift */ = {isa = PBXFileReference; lastKnownFileType = sourcecode.swift; path = BaseViewModel.swift; sourceTree = "<group>"; };
		94873BF72C739B1500620B4A /* StartCoordinator.swift */ = {isa = PBXFileReference; lastKnownFileType = sourcecode.swift; path = StartCoordinator.swift; sourceTree = "<group>"; };
		94873BF92C739B2800620B4A /* StartViewModel.swift */ = {isa = PBXFileReference; lastKnownFileType = sourcecode.swift; path = StartViewModel.swift; sourceTree = "<group>"; };
		94873BFB2C739B3500620B4A /* StartViewController.swift */ = {isa = PBXFileReference; lastKnownFileType = sourcecode.swift; path = StartViewController.swift; sourceTree = "<group>"; };
		94873C002C739E5600620B4A /* TabBarCoordinator.swift */ = {isa = PBXFileReference; lastKnownFileType = sourcecode.swift; path = TabBarCoordinator.swift; sourceTree = "<group>"; };
		94873C022C739E7000620B4A /* TabBarFactory.swift */ = {isa = PBXFileReference; lastKnownFileType = sourcecode.swift; path = TabBarFactory.swift; sourceTree = "<group>"; };
		94873C0E2C739FD600620B4A /* ProfileCoordinator.swift */ = {isa = PBXFileReference; lastKnownFileType = sourcecode.swift; path = ProfileCoordinator.swift; sourceTree = "<group>"; };
		94873C102C739FE400620B4A /* ProfileController.swift */ = {isa = PBXFileReference; lastKnownFileType = sourcecode.swift; path = ProfileController.swift; sourceTree = "<group>"; };
		94873C122C73A00A00620B4A /* ProfileViewModel.swift */ = {isa = PBXFileReference; lastKnownFileType = sourcecode.swift; path = ProfileViewModel.swift; sourceTree = "<group>"; };
		94873C142C73A01500620B4A /* ProfileViewModelProtocol.swift */ = {isa = PBXFileReference; lastKnownFileType = sourcecode.swift; path = ProfileViewModelProtocol.swift; sourceTree = "<group>"; };
		94873C182C73A05D00620B4A /* StartViewModelProtocol.swift */ = {isa = PBXFileReference; lastKnownFileType = sourcecode.swift; path = StartViewModelProtocol.swift; sourceTree = "<group>"; };
		94873C1A2C73A14C00620B4A /* LatestTestsController.swift */ = {isa = PBXFileReference; lastKnownFileType = sourcecode.swift; path = LatestTestsController.swift; sourceTree = "<group>"; };
		94873C1C2C73A1A200620B4A /* LatestTestsCoordinator.swift */ = {isa = PBXFileReference; lastKnownFileType = sourcecode.swift; path = LatestTestsCoordinator.swift; sourceTree = "<group>"; };
		94873C1E2C73A1AD00620B4A /* LatestTestsViewModel.swift */ = {isa = PBXFileReference; lastKnownFileType = sourcecode.swift; path = LatestTestsViewModel.swift; sourceTree = "<group>"; };
		94873C202C73A1D400620B4A /* LatestTestsViewModelProtocol.swift */ = {isa = PBXFileReference; lastKnownFileType = sourcecode.swift; path = LatestTestsViewModelProtocol.swift; sourceTree = "<group>"; };
		94873C232C73A8B900620B4A /* Question.swift */ = {isa = PBXFileReference; lastKnownFileType = sourcecode.swift; path = Question.swift; sourceTree = "<group>"; };
		94873C262C73AEC700620B4A /* questions_tr.json */ = {isa = PBXFileReference; lastKnownFileType = text.json; path = questions_tr.json; sourceTree = "<group>"; };
		94873C302C73B62C00620B4A /* QuizCoordinator.swift */ = {isa = PBXFileReference; lastKnownFileType = sourcecode.swift; path = QuizCoordinator.swift; sourceTree = "<group>"; };
		94873C322C73B64600620B4A /* QuizViewController.swift */ = {isa = PBXFileReference; lastKnownFileType = sourcecode.swift; path = QuizViewController.swift; sourceTree = "<group>"; };
		94873C342C73B65200620B4A /* QuizViewModel.swift */ = {isa = PBXFileReference; lastKnownFileType = sourcecode.swift; path = QuizViewModel.swift; sourceTree = "<group>"; };
		94873C362C73B66B00620B4A /* QuizViewModelProtocol.swift */ = {isa = PBXFileReference; lastKnownFileType = sourcecode.swift; path = QuizViewModelProtocol.swift; sourceTree = "<group>"; };
		94873C3A2C746CE900620B4A /* UIColor+Hex.swift */ = {isa = PBXFileReference; lastKnownFileType = sourcecode.swift; path = "UIColor+Hex.swift"; sourceTree = "<group>"; };
		948E36D02CBA6A8A00858F13 /* OnboardingCoordinator.swift */ = {isa = PBXFileReference; lastKnownFileType = sourcecode.swift; path = OnboardingCoordinator.swift; sourceTree = "<group>"; };
		948E36D22CBA6A9C00858F13 /* OnboardingViewModel.swift */ = {isa = PBXFileReference; lastKnownFileType = sourcecode.swift; path = OnboardingViewModel.swift; sourceTree = "<group>"; };
		948E36D42CBAAD3800858F13 /* OnboardingViewController.swift */ = {isa = PBXFileReference; lastKnownFileType = sourcecode.swift; path = OnboardingViewController.swift; sourceTree = "<group>"; };
		948E36D62CBAAEFB00858F13 /* OnboardingPageViewController.swift */ = {isa = PBXFileReference; lastKnownFileType = sourcecode.swift; path = OnboardingPageViewController.swift; sourceTree = "<group>"; };
		948E36DA2CBADA1100858F13 /* UserDefaultsManager.swift */ = {isa = PBXFileReference; lastKnownFileType = sourcecode.swift; path = UserDefaultsManager.swift; sourceTree = "<group>"; };
		94BB3B722C7A3FAF0016CF33 /* Result.xcdatamodel */ = {isa = PBXFileReference; lastKnownFileType = wrapper.xcdatamodel; path = Result.xcdatamodel; sourceTree = "<group>"; };
		94BB3B742C7A502C0016CF33 /* LatetsTestCell.swift */ = {isa = PBXFileReference; lastKnownFileType = sourcecode.swift; path = LatetsTestCell.swift; sourceTree = "<group>"; };
		94BB3B792C7A52560016CF33 /* CoreDataService.swift */ = {isa = PBXFileReference; lastKnownFileType = sourcecode.swift; path = CoreDataService.swift; sourceTree = "<group>"; };
		94BB3B7E2C7B52240016CF33 /* IQCalculator.swift */ = {isa = PBXFileReference; lastKnownFileType = sourcecode.swift; path = IQCalculator.swift; sourceTree = "<group>"; };
		94D15FDE2CB3107A003CB949 /* Info.plist */ = {isa = PBXFileReference; lastKnownFileType = text.plist.xml; path = Info.plist; sourceTree = "<group>"; };
		94D1609A2CB3C940003CB949 /* MailService.swift */ = {isa = PBXFileReference; lastKnownFileType = sourcecode.swift; path = MailService.swift; sourceTree = "<group>"; };
		94D209522C7E392200855278 /* AppBar.swift */ = {isa = PBXFileReference; lastKnownFileType = sourcecode.swift; path = AppBar.swift; sourceTree = "<group>"; };
		94D2095A2C7F5A1D00855278 /* Constants.swift */ = {isa = PBXFileReference; lastKnownFileType = sourcecode.swift; path = Constants.swift; sourceTree = "<group>"; };
		94F768212C8CD6F4000E9180 /* GoogleService-Info.plist */ = {isa = PBXFileReference; fileEncoding = 4; lastKnownFileType = text.plist.xml; path = "GoogleService-Info.plist"; sourceTree = "<group>"; };
/* End PBXFileReference section */

/* Begin PBXFrameworksBuildPhase section */
		94873B9D2C738FE600620B4A /* Frameworks */ = {
			isa = PBXFrameworksBuildPhase;
			buildActionMask = 2147483647;
			files = (
				94F7681C2C8CD6CE000E9180 /* FirebaseAnalytics in Frameworks */,
				946AEAE32CB0430A00B16F05 /* SnapKit in Frameworks */,
				94447DE12CB2F8B600A5252F /* GoogleMobileAds in Frameworks */,
				94F7681E2C8CD6CE000E9180 /* FirebaseCrashlytics in Frameworks */,
				94F768202C8CD6CE000E9180 /* FirebaseFirestore in Frameworks */,
			);
			runOnlyForDeploymentPostprocessing = 0;
		};
		94873BB32C738FE800620B4A /* Frameworks */ = {
			isa = PBXFrameworksBuildPhase;
			buildActionMask = 2147483647;
			files = (
			);
			runOnlyForDeploymentPostprocessing = 0;
		};
		94873BBD2C738FE800620B4A /* Frameworks */ = {
			isa = PBXFrameworksBuildPhase;
			buildActionMask = 2147483647;
			files = (
			);
			runOnlyForDeploymentPostprocessing = 0;
		};
/* End PBXFrameworksBuildPhase section */

/* Begin PBXGroup section */
		9425300B2CB4332100122794 /* Localizable */ = {
			isa = PBXGroup;
			children = (
				9484AFCE2CB552AE009DEBCB /* Manager */,
				9425300C2CB4333300122794 /* Localizable.strings */,
			);
			path = Localizable;
			sourceTree = "<group>";
		};
		942530102CB4346900122794 /* Resources */ = {
			isa = PBXGroup;
			children = (
				94873BEE2C73999100620B4A /* SupportingFiles */,
				9425300B2CB4332100122794 /* Localizable */,
			);
			path = Resources;
			sourceTree = "<group>";
		};
		94447DE22CB2F8E400A5252F /* Frameworks */ = {
			isa = PBXGroup;
			children = (
			);
			name = Frameworks;
			sourceTree = "<group>";
		};
		944C51512CB80EC800996194 /* View */ = {
			isa = PBXGroup;
			children = (
				9474F3472CB08CB200D5540A /* SVCButton.swift */,
			);
			path = View;
			sourceTree = "<group>";
		};
		9463EAD22C7E017E003D7295 /* Components */ = {
			isa = PBXGroup;
			children = (
				9463EAD32C7E01BA003D7295 /* CustomButton.swift */,
				9463EADB2C7E0ED5003D7295 /* AnimateLogo.swift */,
				94D209522C7E392200855278 /* AppBar.swift */,
			);
			path = Components;
			sourceTree = "<group>";
		};
		9473C63D2CB6720E00988EFE /* View */ = {
			isa = PBXGroup;
			children = (
			);
			path = View;
			sourceTree = "<group>";
		};
		9476C7A92C78B40C002648A0 /* Result */ = {
			isa = PBXGroup;
			children = (
				9473C63D2CB6720E00988EFE /* View */,
				9476C7AC2C78B452002648A0 /* ViewModel */,
				9476C7AB2C78B432002648A0 /* Coordinator */,
				9476C7AA2C78B42B002648A0 /* Controller */,
			);
			path = Result;
			sourceTree = "<group>";
		};
		9476C7AA2C78B42B002648A0 /* Controller */ = {
			isa = PBXGroup;
			children = (
				9476C7AD2C78B467002648A0 /* ResultController.swift */,
			);
			path = Controller;
			sourceTree = "<group>";
		};
		9476C7AB2C78B432002648A0 /* Coordinator */ = {
			isa = PBXGroup;
			children = (
				9476C7B02C78B4AA002648A0 /* ResultCoordinator.swift */,
			);
			path = Coordinator;
			sourceTree = "<group>";
		};
		9476C7AC2C78B452002648A0 /* ViewModel */ = {
			isa = PBXGroup;
			children = (
				9476C7B22C78B4C4002648A0 /* ResultViewModel.swift */,
				9462FA9F2C820C6E008E4876 /* ResultViewModelProtocol.swift */,
			);
			path = ViewModel;
			sourceTree = "<group>";
		};
		9484AFCE2CB552AE009DEBCB /* Manager */ = {
			isa = PBXGroup;
			children = (
				9484AFCF2CB552B5009DEBCB /* LocalizationManager.swift */,
			);
			path = Manager;
			sourceTree = "<group>";
		};
		94873B972C738FE600620B4A = {
			isa = PBXGroup;
			children = (
				94873BA22C738FE600620B4A /* IQ-Quiz */,
				94873BB92C738FE800620B4A /* IQ-QuizTests */,
				94873BC32C738FE800620B4A /* IQ-QuizUITests */,
				94447DE22CB2F8E400A5252F /* Frameworks */,
				94873BA12C738FE600620B4A /* Products */,
			);
			sourceTree = "<group>";
		};
		94873BA12C738FE600620B4A /* Products */ = {
			isa = PBXGroup;
			children = (
				94873BA02C738FE600620B4A /* IQ-Quiz.app */,
				94873BB62C738FE800620B4A /* IQ-QuizTests.xctest */,
				94873BC02C738FE800620B4A /* IQ-QuizUITests.xctest */,
			);
			name = Products;
			sourceTree = "<group>";
		};
		94873BA22C738FE600620B4A /* IQ-Quiz */ = {
			isa = PBXGroup;
			children = (
				942530102CB4346900122794 /* Resources */,
				9463EAD22C7E017E003D7295 /* Components */,
				94BB3B772C7A52380016CF33 /* Service */,
				94873C252C73AD2F00620B4A /* Data */,
				94873C392C746CCB00620B4A /* Helpers */,
				94873C222C73A89A00620B4A /* Model */,
				94873BE12C73922400620B4A /* Feature */,
				94873BD92C73917500620B4A /* Coordinator */,
				94873BD82C73917000620B4A /* Base */,
				94873BD72C73916A00620B4A /* App */,
				94D15FDE2CB3107A003CB949 /* Info.plist */,
				94F768212C8CD6F4000E9180 /* GoogleService-Info.plist */,
			);
			path = "IQ-Quiz";
			sourceTree = "<group>";
		};
		94873BB92C738FE800620B4A /* IQ-QuizTests */ = {
			isa = PBXGroup;
			children = (
				94873BBA2C738FE800620B4A /* IQ_QuizTests.swift */,
			);
			path = "IQ-QuizTests";
			sourceTree = "<group>";
		};
		94873BC32C738FE800620B4A /* IQ-QuizUITests */ = {
			isa = PBXGroup;
			children = (
				94873BC42C738FE800620B4A /* IQ_QuizUITests.swift */,
				94873BC62C738FE800620B4A /* IQ_QuizUITestsLaunchTests.swift */,
			);
			path = "IQ-QuizUITests";
			sourceTree = "<group>";
		};
		94873BD72C73916A00620B4A /* App */ = {
			isa = PBXGroup;
			children = (
				94873BA32C738FE600620B4A /* AppDelegate.swift */,
				94873BA52C738FE600620B4A /* SceneDelegate.swift */,
			);
			path = App;
			sourceTree = "<group>";
		};
		94873BD82C73917000620B4A /* Base */ = {
			isa = PBXGroup;
			children = (
				94873BEC2C7398A700620B4A /* BaseController.swift */,
				94873BF52C739AA200620B4A /* BaseViewModel.swift */,
			);
			path = Base;
			sourceTree = "<group>";
		};
		94873BD92C73917500620B4A /* Coordinator */ = {
			isa = PBXGroup;
			children = (
				94873BDF2C7391F900620B4A /* AppCoordinator.swift */,
				94873BE92C73988500620B4A /* BaseCoordinator.swift */,
			);
			path = Coordinator;
			sourceTree = "<group>";
		};
		94873BE12C73922400620B4A /* Feature */ = {
			isa = PBXGroup;
			children = (
				948E36A32CB9AAB600858F13 /* Onboarding */,
				9476C7A92C78B40C002648A0 /* Result */,
				94873C282C73B5C700620B4A /* Quiz */,
				94873C092C739F5E00620B4A /* LatestTests  */,
				94873C042C739F3500620B4A /* Profile */,
				94873BFD2C739BF600620B4A /* TabBar */,
				94873BEF2C7399AF00620B4A /* Start */,
			);
			path = Feature;
			sourceTree = "<group>";
		};
		94873BEE2C73999100620B4A /* SupportingFiles */ = {
			isa = PBXGroup;
			children = (
				94873BAC2C738FE800620B4A /* Assets.xcassets */,
				94873BAE2C738FE800620B4A /* LaunchScreen.storyboard */,
			);
			path = SupportingFiles;
			sourceTree = "<group>";
		};
		94873BEF2C7399AF00620B4A /* Start */ = {
			isa = PBXGroup;
			children = (
				944C51512CB80EC800996194 /* View */,
				94873BF22C739A4700620B4A /* ViewModel */,
				94873BF12C739A4100620B4A /* Coordinator */,
				94873BF02C739A3200620B4A /* Controller */,
			);
			path = Start;
			sourceTree = "<group>";
		};
		94873BF02C739A3200620B4A /* Controller */ = {
			isa = PBXGroup;
			children = (
				94873BFB2C739B3500620B4A /* StartViewController.swift */,
			);
			path = Controller;
			sourceTree = "<group>";
		};
		94873BF12C739A4100620B4A /* Coordinator */ = {
			isa = PBXGroup;
			children = (
				94873BF72C739B1500620B4A /* StartCoordinator.swift */,
			);
			path = Coordinator;
			sourceTree = "<group>";
		};
		94873BF22C739A4700620B4A /* ViewModel */ = {
			isa = PBXGroup;
			children = (
				94873BF92C739B2800620B4A /* StartViewModel.swift */,
				94873C182C73A05D00620B4A /* StartViewModelProtocol.swift */,
			);
			path = ViewModel;
			sourceTree = "<group>";
		};
		94873BFD2C739BF600620B4A /* TabBar */ = {
			isa = PBXGroup;
			children = (
				94873BFF2C739C0600620B4A /* Factory */,
				94873BFE2C739C0000620B4A /* Coordinator */,
			);
			path = TabBar;
			sourceTree = "<group>";
		};
		94873BFE2C739C0000620B4A /* Coordinator */ = {
			isa = PBXGroup;
			children = (
				94873C002C739E5600620B4A /* TabBarCoordinator.swift */,
			);
			path = Coordinator;
			sourceTree = "<group>";
		};
		94873BFF2C739C0600620B4A /* Factory */ = {
			isa = PBXGroup;
			children = (
				94873C022C739E7000620B4A /* TabBarFactory.swift */,
			);
			path = Factory;
			sourceTree = "<group>";
		};
		94873C042C739F3500620B4A /* Profile */ = {
			isa = PBXGroup;
			children = (
				94873C082C739F5400620B4A /* Coordinator */,
				94873C072C739F4D00620B4A /* Controller  */,
				94873C062C739F4500620B4A /* ViewModel */,
			);
			path = Profile;
			sourceTree = "<group>";
		};
		94873C062C739F4500620B4A /* ViewModel */ = {
			isa = PBXGroup;
			children = (
				94873C122C73A00A00620B4A /* ProfileViewModel.swift */,
				94873C142C73A01500620B4A /* ProfileViewModelProtocol.swift */,
			);
			path = ViewModel;
			sourceTree = "<group>";
		};
		94873C072C739F4D00620B4A /* Controller  */ = {
			isa = PBXGroup;
			children = (
				94873C102C739FE400620B4A /* ProfileController.swift */,
			);
			path = "Controller ";
			sourceTree = "<group>";
		};
		94873C082C739F5400620B4A /* Coordinator */ = {
			isa = PBXGroup;
			children = (
				94873C0E2C739FD600620B4A /* ProfileCoordinator.swift */,
			);
			path = Coordinator;
			sourceTree = "<group>";
		};
		94873C092C739F5E00620B4A /* LatestTests  */ = {
			isa = PBXGroup;
			children = (
				94873C0D2C739F9500620B4A /* Controller */,
				94873C0C2C739F8E00620B4A /* Coordinator */,
				94873C0B2C739F8A00620B4A /* ViewModel */,
				94873C0A2C739F8600620B4A /* View */,
			);
			path = "LatestTests ";
			sourceTree = "<group>";
		};
		94873C0A2C739F8600620B4A /* View */ = {
			isa = PBXGroup;
			children = (
				94BB3B742C7A502C0016CF33 /* LatetsTestCell.swift */,
			);
			path = View;
			sourceTree = "<group>";
		};
		94873C0B2C739F8A00620B4A /* ViewModel */ = {
			isa = PBXGroup;
			children = (
				94873C1E2C73A1AD00620B4A /* LatestTestsViewModel.swift */,
				94873C202C73A1D400620B4A /* LatestTestsViewModelProtocol.swift */,
			);
			path = ViewModel;
			sourceTree = "<group>";
		};
		94873C0C2C739F8E00620B4A /* Coordinator */ = {
			isa = PBXGroup;
			children = (
				94873C1C2C73A1A200620B4A /* LatestTestsCoordinator.swift */,
			);
			path = Coordinator;
			sourceTree = "<group>";
		};
		94873C0D2C739F9500620B4A /* Controller */ = {
			isa = PBXGroup;
			children = (
				94873C1A2C73A14C00620B4A /* LatestTestsController.swift */,
			);
			path = Controller;
			sourceTree = "<group>";
		};
		94873C222C73A89A00620B4A /* Model */ = {
			isa = PBXGroup;
			children = (
				94873C232C73A8B900620B4A /* Question.swift */,
			);
			path = Model;
			sourceTree = "<group>";
		};
		94873C252C73AD2F00620B4A /* Data */ = {
			isa = PBXGroup;
			children = (
				944C514E2CB802E900996194 /* questions_es.json */,
				9473C63B2CB599D300988EFE /* questions_en.json */,
				94873C262C73AEC700620B4A /* questions_tr.json */,
				94BB3B712C7A3FAF0016CF33 /* QuizResult.xcdatamodeld */,
			);
			path = Data;
			sourceTree = "<group>";
		};
		94873C282C73B5C700620B4A /* Quiz */ = {
			isa = PBXGroup;
			children = (
				94873C2D2C73B60200620B4A /* Coordinator */,
				94873C2C2C73B5FD00620B4A /* Controller */,
				94873C2A2C73B5D900620B4A /* ViewModel */,
			);
			path = Quiz;
			sourceTree = "<group>";
		};
		94873C2A2C73B5D900620B4A /* ViewModel */ = {
			isa = PBXGroup;
			children = (
				94873C342C73B65200620B4A /* QuizViewModel.swift */,
				94873C362C73B66B00620B4A /* QuizViewModelProtocol.swift */,
			);
			path = ViewModel;
			sourceTree = "<group>";
		};
		94873C2C2C73B5FD00620B4A /* Controller */ = {
			isa = PBXGroup;
			children = (
				94873C322C73B64600620B4A /* QuizViewController.swift */,
			);
			path = Controller;
			sourceTree = "<group>";
		};
		94873C2D2C73B60200620B4A /* Coordinator */ = {
			isa = PBXGroup;
			children = (
				94873C302C73B62C00620B4A /* QuizCoordinator.swift */,
			);
			path = Coordinator;
			sourceTree = "<group>";
		};
		94873C382C746CBD00620B4A /* Extensions */ = {
			isa = PBXGroup;
			children = (
				9484AFD12CB552D0009DEBCB /* Bundle+SetLanguage.swift */,
				94873C3A2C746CE900620B4A /* UIColor+Hex.swift */,
			);
			path = Extensions;
			sourceTree = "<group>";
		};
		94873C392C746CCB00620B4A /* Helpers */ = {
			isa = PBXGroup;
			children = (
				94D209592C7F5A0700855278 /* Constants */,
				94BB3B7D2C7B51FD0016CF33 /* IQCalculator */,
				94873C382C746CBD00620B4A /* Extensions */,
			);
			path = Helpers;
			sourceTree = "<group>";
		};
		948E36A32CB9AAB600858F13 /* Onboarding */ = {
			isa = PBXGroup;
			children = (
				948E36A72CB9AAF800858F13 /* Coordinator */,
				948E36A62CB9AAEC00858F13 /* ViewModel */,
				948E36A52CB9AAE400858F13 /* View */,
				948E36A42CB9AADD00858F13 /* ViewController */,
			);
			path = Onboarding;
			sourceTree = "<group>";
		};
		948E36A42CB9AADD00858F13 /* ViewController */ = {
			isa = PBXGroup;
			children = (
				948E36D62CBAAEFB00858F13 /* OnboardingPageViewController.swift */,
				948E36D42CBAAD3800858F13 /* OnboardingViewController.swift */,
			);
			path = ViewController;
			sourceTree = "<group>";
		};
		948E36A52CB9AAE400858F13 /* View */ = {
			isa = PBXGroup;
			children = (
			);
			path = View;
			sourceTree = "<group>";
		};
		948E36A62CB9AAEC00858F13 /* ViewModel */ = {
			isa = PBXGroup;
			children = (
				948E36D22CBA6A9C00858F13 /* OnboardingViewModel.swift */,
			);
			path = ViewModel;
			sourceTree = "<group>";
		};
		948E36A72CB9AAF800858F13 /* Coordinator */ = {
			isa = PBXGroup;
			children = (
				948E36D02CBA6A8A00858F13 /* OnboardingCoordinator.swift */,
			);
			path = Coordinator;
			sourceTree = "<group>";
		};
		94BB3B772C7A52380016CF33 /* Service */ = {
			isa = PBXGroup;
			children = (
				948E36DA2CBADA1100858F13 /* UserDefaultsManager.swift */,
				940FB4692CB678D000A47E74 /* NotificationService.swift */,
				942530112CB4408D00122794 /* LanguageService.swift */,
				94D1609A2CB3C940003CB949 /* MailService.swift */,
				94BB3B792C7A52560016CF33 /* CoreDataService.swift */,
			);
			path = Service;
			sourceTree = "<group>";
		};
		94BB3B7D2C7B51FD0016CF33 /* IQCalculator */ = {
			isa = PBXGroup;
			children = (
				94BB3B7E2C7B52240016CF33 /* IQCalculator.swift */,
			);
			path = IQCalculator;
			sourceTree = "<group>";
		};
		94D209592C7F5A0700855278 /* Constants */ = {
			isa = PBXGroup;
			children = (
				94D2095A2C7F5A1D00855278 /* Constants.swift */,
			);
			path = Constants;
			sourceTree = "<group>";
		};
/* End PBXGroup section */

/* Begin PBXNativeTarget section */
		94873B9F2C738FE600620B4A /* IQ-Quiz */ = {
			isa = PBXNativeTarget;
			buildConfigurationList = 94873BCA2C738FE800620B4A /* Build configuration list for PBXNativeTarget "IQ-Quiz" */;
			buildPhases = (
				94873B9C2C738FE600620B4A /* Sources */,
				94873B9D2C738FE600620B4A /* Frameworks */,
				94873B9E2C738FE600620B4A /* Resources */,
			);
			buildRules = (
			);
			dependencies = (
			);
			name = "IQ-Quiz";
			packageProductDependencies = (
				94F7681B2C8CD6CE000E9180 /* FirebaseAnalytics */,
				94F7681D2C8CD6CE000E9180 /* FirebaseCrashlytics */,
				94F7681F2C8CD6CE000E9180 /* FirebaseFirestore */,
				946AEAE22CB0430A00B16F05 /* SnapKit */,
				94447DE02CB2F8B600A5252F /* GoogleMobileAds */,
			);
			productName = "IQ-Quiz";
			productReference = 94873BA02C738FE600620B4A /* IQ-Quiz.app */;
			productType = "com.apple.product-type.application";
		};
		94873BB52C738FE800620B4A /* IQ-QuizTests */ = {
			isa = PBXNativeTarget;
			buildConfigurationList = 94873BCD2C738FE800620B4A /* Build configuration list for PBXNativeTarget "IQ-QuizTests" */;
			buildPhases = (
				94873BB22C738FE800620B4A /* Sources */,
				94873BB32C738FE800620B4A /* Frameworks */,
				94873BB42C738FE800620B4A /* Resources */,
			);
			buildRules = (
			);
			dependencies = (
				94873BB82C738FE800620B4A /* PBXTargetDependency */,
			);
			name = "IQ-QuizTests";
			productName = "IQ-QuizTests";
			productReference = 94873BB62C738FE800620B4A /* IQ-QuizTests.xctest */;
			productType = "com.apple.product-type.bundle.unit-test";
		};
		94873BBF2C738FE800620B4A /* IQ-QuizUITests */ = {
			isa = PBXNativeTarget;
			buildConfigurationList = 94873BD02C738FE800620B4A /* Build configuration list for PBXNativeTarget "IQ-QuizUITests" */;
			buildPhases = (
				94873BBC2C738FE800620B4A /* Sources */,
				94873BBD2C738FE800620B4A /* Frameworks */,
				94873BBE2C738FE800620B4A /* Resources */,
			);
			buildRules = (
			);
			dependencies = (
				94873BC22C738FE800620B4A /* PBXTargetDependency */,
			);
			name = "IQ-QuizUITests";
			productName = "IQ-QuizUITests";
			productReference = 94873BC02C738FE800620B4A /* IQ-QuizUITests.xctest */;
			productType = "com.apple.product-type.bundle.ui-testing";
		};
/* End PBXNativeTarget section */

/* Begin PBXProject section */
		94873B982C738FE600620B4A /* Project object */ = {
			isa = PBXProject;
			attributes = {
				BuildIndependentTargetsInParallel = 1;
				LastSwiftUpdateCheck = 1540;
				LastUpgradeCheck = 1540;
				TargetAttributes = {
					94873B9F2C738FE600620B4A = {
						CreatedOnToolsVersion = 15.4;
					};
					94873BB52C738FE800620B4A = {
						CreatedOnToolsVersion = 15.4;
						TestTargetID = 94873B9F2C738FE600620B4A;
					};
					94873BBF2C738FE800620B4A = {
						CreatedOnToolsVersion = 15.4;
						TestTargetID = 94873B9F2C738FE600620B4A;
					};
				};
			};
			buildConfigurationList = 94873B9B2C738FE600620B4A /* Build configuration list for PBXProject "IQ-Quiz" */;
			compatibilityVersion = "Xcode 14.0";
			developmentRegion = en;
			hasScannedForEncodings = 0;
			knownRegions = (
				en,
				Base,
				tr,
				es,
			);
			mainGroup = 94873B972C738FE600620B4A;
			packageReferences = (
				94F7681A2C8CD6CD000E9180 /* XCRemoteSwiftPackageReference "firebase-ios-sdk" */,
				946AEAE12CB0430A00B16F05 /* XCRemoteSwiftPackageReference "SnapKit" */,
				94447DDF2CB2F8B600A5252F /* XCRemoteSwiftPackageReference "swift-package-manager-google-mobile-ads" */,
			);
			productRefGroup = 94873BA12C738FE600620B4A /* Products */;
			projectDirPath = "";
			projectRoot = "";
			targets = (
				94873B9F2C738FE600620B4A /* IQ-Quiz */,
				94873BB52C738FE800620B4A /* IQ-QuizTests */,
				94873BBF2C738FE800620B4A /* IQ-QuizUITests */,
			);
		};
/* End PBXProject section */

/* Begin PBXResourcesBuildPhase section */
		94873B9E2C738FE600620B4A /* Resources */ = {
			isa = PBXResourcesBuildPhase;
			buildActionMask = 2147483647;
			files = (
				944C51502CB807EE00996194 /* questions_es.json in Resources */,
				9425300E2CB4333300122794 /* Localizable.strings in Resources */,
				9473C63C2CB599D800988EFE /* questions_en.json in Resources */,
				94D1603A2CB31594003CB949 /* GoogleService-Info.plist in Resources */,
				94BB3B702C7A12300016CF33 /* questions_tr.json in Resources */,
				94873BAD2C738FE800620B4A /* Assets.xcassets in Resources */,
				94873BB02C738FE800620B4A /* Base in Resources */,
			);
			runOnlyForDeploymentPostprocessing = 0;
		};
		94873BB42C738FE800620B4A /* Resources */ = {
			isa = PBXResourcesBuildPhase;
			buildActionMask = 2147483647;
			files = (
			);
			runOnlyForDeploymentPostprocessing = 0;
		};
		94873BBE2C738FE800620B4A /* Resources */ = {
			isa = PBXResourcesBuildPhase;
			buildActionMask = 2147483647;
			files = (
			);
			runOnlyForDeploymentPostprocessing = 0;
		};
/* End PBXResourcesBuildPhase section */

/* Begin PBXSourcesBuildPhase section */
		94873B9C2C738FE600620B4A /* Sources */ = {
			isa = PBXSourcesBuildPhase;
			buildActionMask = 2147483647;
			files = (
				94873BE02C7391F900620B4A /* AppCoordinator.swift in Sources */,
				94D2095B2C7F5A1D00855278 /* Constants.swift in Sources */,
				948E36DB2CBADA1100858F13 /* UserDefaultsManager.swift in Sources */,
				94873C312C73B62C00620B4A /* QuizCoordinator.swift in Sources */,
				94873BFA2C739B2800620B4A /* StartViewModel.swift in Sources */,
				94873C352C73B65200620B4A /* QuizViewModel.swift in Sources */,
				948E36D32CBA6AA000858F13 /* OnboardingViewModel.swift in Sources */,
				9463EAD42C7E01BB003D7295 /* CustomButton.swift in Sources */,
				94873BFC2C739B3500620B4A /* StartViewController.swift in Sources */,
				94873C192C73A05D00620B4A /* StartViewModelProtocol.swift in Sources */,
				94873BED2C7398A700620B4A /* BaseController.swift in Sources */,
				948E36D52CBAAD4800858F13 /* OnboardingViewController.swift in Sources */,
				94873C0F2C739FD600620B4A /* ProfileCoordinator.swift in Sources */,
				9474F3482CB08CB200D5540A /* SVCButton.swift in Sources */,
				94873C112C739FE400620B4A /* ProfileController.swift in Sources */,
				94BB3B7F2C7B52240016CF33 /* IQCalculator.swift in Sources */,
				948E36D12CBA6A9300858F13 /* OnboardingCoordinator.swift in Sources */,
				940FB46A2CB678D000A47E74 /* NotificationService.swift in Sources */,
				94873C212C73A1D400620B4A /* LatestTestsViewModelProtocol.swift in Sources */,
				94873C1D2C73A1A200620B4A /* LatestTestsCoordinator.swift in Sources */,
				94873C132C73A00A00620B4A /* ProfileViewModel.swift in Sources */,
				9476C7AE2C78B467002648A0 /* ResultController.swift in Sources */,
				9484AFD02CB552B5009DEBCB /* LocalizationManager.swift in Sources */,
				94D209532C7E392200855278 /* AppBar.swift in Sources */,
				94873C032C739E7000620B4A /* TabBarFactory.swift in Sources */,
				94873BEA2C73988500620B4A /* BaseCoordinator.swift in Sources */,
				94D1609B2CB3C940003CB949 /* MailService.swift in Sources */,
				94873C1B2C73A14C00620B4A /* LatestTestsController.swift in Sources */,
				94873BA42C738FE600620B4A /* AppDelegate.swift in Sources */,
				94873C152C73A01500620B4A /* ProfileViewModelProtocol.swift in Sources */,
				9476C7B32C78B4C4002648A0 /* ResultViewModel.swift in Sources */,
				94BB3B7A2C7A52560016CF33 /* CoreDataService.swift in Sources */,
				94873C3B2C746CE900620B4A /* UIColor+Hex.swift in Sources */,
				948E36D72CBAAEFD00858F13 /* OnboardingPageViewController.swift in Sources */,
				94873C1F2C73A1AD00620B4A /* LatestTestsViewModel.swift in Sources */,
				9462FAA02C820C6E008E4876 /* ResultViewModelProtocol.swift in Sources */,
				9476C7B12C78B4AA002648A0 /* ResultCoordinator.swift in Sources */,
				94873BA62C738FE600620B4A /* SceneDelegate.swift in Sources */,
				942530122CB4408D00122794 /* LanguageService.swift in Sources */,
				944C514F2CB802F600996194 /* questions_es.json in Sources */,
				94873BF82C739B1500620B4A /* StartCoordinator.swift in Sources */,
				94BB3B732C7A3FAF0016CF33 /* QuizResult.xcdatamodeld in Sources */,
				94873C242C73A8B900620B4A /* Question.swift in Sources */,
				9463EADC2C7E0ED5003D7295 /* AnimateLogo.swift in Sources */,
				94873C332C73B64600620B4A /* QuizViewController.swift in Sources */,
				94873C012C739E5600620B4A /* TabBarCoordinator.swift in Sources */,
				94BB3B752C7A502C0016CF33 /* LatetsTestCell.swift in Sources */,
				9484AFD22CB552DE009DEBCB /* Bundle+SetLanguage.swift in Sources */,
				94873C372C73B66B00620B4A /* QuizViewModelProtocol.swift in Sources */,
				94873BF62C739AA200620B4A /* BaseViewModel.swift in Sources */,
				94873C272C73AEC700620B4A /* questions_tr.json in Sources */,
			);
			runOnlyForDeploymentPostprocessing = 0;
		};
		94873BB22C738FE800620B4A /* Sources */ = {
			isa = PBXSourcesBuildPhase;
			buildActionMask = 2147483647;
			files = (
				94873BBB2C738FE800620B4A /* IQ_QuizTests.swift in Sources */,
			);
			runOnlyForDeploymentPostprocessing = 0;
		};
		94873BBC2C738FE800620B4A /* Sources */ = {
			isa = PBXSourcesBuildPhase;
			buildActionMask = 2147483647;
			files = (
				94873BC52C738FE800620B4A /* IQ_QuizUITests.swift in Sources */,
				94873BC72C738FE800620B4A /* IQ_QuizUITestsLaunchTests.swift in Sources */,
			);
			runOnlyForDeploymentPostprocessing = 0;
		};
/* End PBXSourcesBuildPhase section */

/* Begin PBXTargetDependency section */
		94873BB82C738FE800620B4A /* PBXTargetDependency */ = {
			isa = PBXTargetDependency;
			target = 94873B9F2C738FE600620B4A /* IQ-Quiz */;
			targetProxy = 94873BB72C738FE800620B4A /* PBXContainerItemProxy */;
		};
		94873BC22C738FE800620B4A /* PBXTargetDependency */ = {
			isa = PBXTargetDependency;
			target = 94873B9F2C738FE600620B4A /* IQ-Quiz */;
			targetProxy = 94873BC12C738FE800620B4A /* PBXContainerItemProxy */;
		};
/* End PBXTargetDependency section */

/* Begin PBXVariantGroup section */
		9425300C2CB4333300122794 /* Localizable.strings */ = {
			isa = PBXVariantGroup;
			children = (
				9425300D2CB4333300122794 /* en */,
				9425300F2CB4335400122794 /* tr */,
				944C514D2CB8023300996194 /* es */,
			);
			name = Localizable.strings;
			sourceTree = "<group>";
		};
		94873BAE2C738FE800620B4A /* LaunchScreen.storyboard */ = {
			isa = PBXVariantGroup;
			children = (
				94873BAF2C738FE800620B4A /* Base */,
			);
			name = LaunchScreen.storyboard;
			sourceTree = "<group>";
		};
/* End PBXVariantGroup section */

/* Begin XCBuildConfiguration section */
		94873BC82C738FE800620B4A /* Debug */ = {
			isa = XCBuildConfiguration;
			buildSettings = {
				ALWAYS_SEARCH_USER_PATHS = NO;
				ASSETCATALOG_COMPILER_GENERATE_SWIFT_ASSET_SYMBOL_EXTENSIONS = YES;
				CLANG_ANALYZER_LOCALIZABILITY_NONLOCALIZED = YES;
				CLANG_ANALYZER_NONNULL = YES;
				CLANG_ANALYZER_NUMBER_OBJECT_CONVERSION = YES_AGGRESSIVE;
				CLANG_CXX_LANGUAGE_STANDARD = "gnu++20";
				CLANG_ENABLE_MODULES = YES;
				CLANG_ENABLE_OBJC_ARC = YES;
				CLANG_ENABLE_OBJC_WEAK = YES;
				CLANG_WARN_BLOCK_CAPTURE_AUTORELEASING = YES;
				CLANG_WARN_BOOL_CONVERSION = YES;
				CLANG_WARN_COMMA = YES;
				CLANG_WARN_CONSTANT_CONVERSION = YES;
				CLANG_WARN_DEPRECATED_OBJC_IMPLEMENTATIONS = YES;
				CLANG_WARN_DIRECT_OBJC_ISA_USAGE = YES_ERROR;
				CLANG_WARN_DOCUMENTATION_COMMENTS = YES;
				CLANG_WARN_EMPTY_BODY = YES;
				CLANG_WARN_ENUM_CONVERSION = YES;
				CLANG_WARN_INFINITE_RECURSION = YES;
				CLANG_WARN_INT_CONVERSION = YES;
				CLANG_WARN_NON_LITERAL_NULL_CONVERSION = YES;
				CLANG_WARN_OBJC_IMPLICIT_RETAIN_SELF = YES;
				CLANG_WARN_OBJC_LITERAL_CONVERSION = YES;
				CLANG_WARN_OBJC_ROOT_CLASS = YES_ERROR;
				CLANG_WARN_QUOTED_INCLUDE_IN_FRAMEWORK_HEADER = YES;
				CLANG_WARN_RANGE_LOOP_ANALYSIS = YES;
				CLANG_WARN_STRICT_PROTOTYPES = YES;
				CLANG_WARN_SUSPICIOUS_MOVE = YES;
				CLANG_WARN_UNGUARDED_AVAILABILITY = YES_AGGRESSIVE;
				CLANG_WARN_UNREACHABLE_CODE = YES;
				CLANG_WARN__DUPLICATE_METHOD_MATCH = YES;
				COPY_PHASE_STRIP = NO;
				DEBUG_INFORMATION_FORMAT = dwarf;
				ENABLE_STRICT_OBJC_MSGSEND = YES;
				ENABLE_TESTABILITY = YES;
				ENABLE_USER_SCRIPT_SANDBOXING = YES;
				GCC_C_LANGUAGE_STANDARD = gnu17;
				GCC_DYNAMIC_NO_PIC = NO;
				GCC_NO_COMMON_BLOCKS = YES;
				GCC_OPTIMIZATION_LEVEL = 0;
				GCC_PREPROCESSOR_DEFINITIONS = (
					"DEBUG=1",
					"$(inherited)",
				);
				GCC_WARN_64_TO_32_BIT_CONVERSION = YES;
				GCC_WARN_ABOUT_RETURN_TYPE = YES_ERROR;
				GCC_WARN_UNDECLARED_SELECTOR = YES;
				GCC_WARN_UNINITIALIZED_AUTOS = YES_AGGRESSIVE;
				GCC_WARN_UNUSED_FUNCTION = YES;
				GCC_WARN_UNUSED_VARIABLE = YES;
				IPHONEOS_DEPLOYMENT_TARGET = 13.0;
				LOCALIZATION_PREFERS_STRING_CATALOGS = YES;
				MTL_ENABLE_DEBUG_INFO = INCLUDE_SOURCE;
				MTL_FAST_MATH = YES;
				ONLY_ACTIVE_ARCH = YES;
				SDKROOT = iphoneos;
				SWIFT_ACTIVE_COMPILATION_CONDITIONS = "DEBUG $(inherited)";
				SWIFT_OPTIMIZATION_LEVEL = "-Onone";
			};
			name = Debug;
		};
		94873BC92C738FE800620B4A /* Release */ = {
			isa = XCBuildConfiguration;
			buildSettings = {
				ALWAYS_SEARCH_USER_PATHS = NO;
				ASSETCATALOG_COMPILER_GENERATE_SWIFT_ASSET_SYMBOL_EXTENSIONS = YES;
				CLANG_ANALYZER_LOCALIZABILITY_NONLOCALIZED = YES;
				CLANG_ANALYZER_NONNULL = YES;
				CLANG_ANALYZER_NUMBER_OBJECT_CONVERSION = YES_AGGRESSIVE;
				CLANG_CXX_LANGUAGE_STANDARD = "gnu++20";
				CLANG_ENABLE_MODULES = YES;
				CLANG_ENABLE_OBJC_ARC = YES;
				CLANG_ENABLE_OBJC_WEAK = YES;
				CLANG_WARN_BLOCK_CAPTURE_AUTORELEASING = YES;
				CLANG_WARN_BOOL_CONVERSION = YES;
				CLANG_WARN_COMMA = YES;
				CLANG_WARN_CONSTANT_CONVERSION = YES;
				CLANG_WARN_DEPRECATED_OBJC_IMPLEMENTATIONS = YES;
				CLANG_WARN_DIRECT_OBJC_ISA_USAGE = YES_ERROR;
				CLANG_WARN_DOCUMENTATION_COMMENTS = YES;
				CLANG_WARN_EMPTY_BODY = YES;
				CLANG_WARN_ENUM_CONVERSION = YES;
				CLANG_WARN_INFINITE_RECURSION = YES;
				CLANG_WARN_INT_CONVERSION = YES;
				CLANG_WARN_NON_LITERAL_NULL_CONVERSION = YES;
				CLANG_WARN_OBJC_IMPLICIT_RETAIN_SELF = YES;
				CLANG_WARN_OBJC_LITERAL_CONVERSION = YES;
				CLANG_WARN_OBJC_ROOT_CLASS = YES_ERROR;
				CLANG_WARN_QUOTED_INCLUDE_IN_FRAMEWORK_HEADER = YES;
				CLANG_WARN_RANGE_LOOP_ANALYSIS = YES;
				CLANG_WARN_STRICT_PROTOTYPES = YES;
				CLANG_WARN_SUSPICIOUS_MOVE = YES;
				CLANG_WARN_UNGUARDED_AVAILABILITY = YES_AGGRESSIVE;
				CLANG_WARN_UNREACHABLE_CODE = YES;
				CLANG_WARN__DUPLICATE_METHOD_MATCH = YES;
				COPY_PHASE_STRIP = NO;
				DEBUG_INFORMATION_FORMAT = "dwarf-with-dsym";
				ENABLE_NS_ASSERTIONS = NO;
				ENABLE_STRICT_OBJC_MSGSEND = YES;
				ENABLE_USER_SCRIPT_SANDBOXING = YES;
				GCC_C_LANGUAGE_STANDARD = gnu17;
				GCC_NO_COMMON_BLOCKS = YES;
				GCC_WARN_64_TO_32_BIT_CONVERSION = YES;
				GCC_WARN_ABOUT_RETURN_TYPE = YES_ERROR;
				GCC_WARN_UNDECLARED_SELECTOR = YES;
				GCC_WARN_UNINITIALIZED_AUTOS = YES_AGGRESSIVE;
				GCC_WARN_UNUSED_FUNCTION = YES;
				GCC_WARN_UNUSED_VARIABLE = YES;
				IPHONEOS_DEPLOYMENT_TARGET = 13.0;
				LOCALIZATION_PREFERS_STRING_CATALOGS = YES;
				MTL_ENABLE_DEBUG_INFO = NO;
				MTL_FAST_MATH = YES;
				SDKROOT = iphoneos;
				SWIFT_COMPILATION_MODE = wholemodule;
				VALIDATE_PRODUCT = YES;
			};
			name = Release;
		};
		94873BCB2C738FE800620B4A /* Debug */ = {
			isa = XCBuildConfiguration;
			buildSettings = {
				ASSETCATALOG_COMPILER_APPICON_NAME = AppIcon;
				ASSETCATALOG_COMPILER_GLOBAL_ACCENT_COLOR_NAME = AccentColor;
				CODE_SIGN_IDENTITY = "Apple Development";
				CODE_SIGN_STYLE = Automatic;
				CURRENT_PROJECT_VERSION = 1;
				DEVELOPMENT_TEAM = J584WC8XJ5;
				GENERATE_INFOPLIST_FILE = YES;
				INFOPLIST_FILE = "IQ-Quiz/Info.plist";
				INFOPLIST_KEY_CFBundleDisplayName = "IQ-Test";
				INFOPLIST_KEY_UIApplicationSupportsIndirectInputEvents = YES;
				INFOPLIST_KEY_UILaunchStoryboardName = LaunchScreen;
				INFOPLIST_KEY_UISupportedInterfaceOrientations_iPad = "UIInterfaceOrientationPortrait UIInterfaceOrientationPortraitUpsideDown UIInterfaceOrientationLandscapeLeft UIInterfaceOrientationLandscapeRight";
				INFOPLIST_KEY_UISupportedInterfaceOrientations_iPhone = "UIInterfaceOrientationPortrait UIInterfaceOrientationLandscapeLeft UIInterfaceOrientationLandscapeRight";
				IPHONEOS_DEPLOYMENT_TARGET = 13.0;
				LD_RUNPATH_SEARCH_PATHS = (
					"$(inherited)",
					"@executable_path/Frameworks",
				);
				MARKETING_VERSION = 1.0;
				PRODUCT_BUNDLE_IDENTIFIER = "com.mertalp.IQ-Quiz";
				PRODUCT_NAME = "$(TARGET_NAME)";
				PROVISIONING_PROFILE_SPECIFIER = "";
				SUPPORTED_PLATFORMS = "iphoneos iphonesimulator";
				SUPPORTS_MACCATALYST = NO;
				SUPPORTS_MAC_DESIGNED_FOR_IPHONE_IPAD = NO;
				SUPPORTS_XR_DESIGNED_FOR_IPHONE_IPAD = NO;
				SWIFT_EMIT_LOC_STRINGS = YES;
				SWIFT_VERSION = 5.0;
				TARGETED_DEVICE_FAMILY = 1;
			};
			name = Debug;
		};
		94873BCC2C738FE800620B4A /* Release */ = {
			isa = XCBuildConfiguration;
			buildSettings = {
				ASSETCATALOG_COMPILER_APPICON_NAME = AppIcon;
				ASSETCATALOG_COMPILER_GLOBAL_ACCENT_COLOR_NAME = AccentColor;
				CODE_SIGN_IDENTITY = "Apple Development";
				CODE_SIGN_STYLE = Automatic;
				CURRENT_PROJECT_VERSION = 1;
				DEVELOPMENT_TEAM = J584WC8XJ5;
				GENERATE_INFOPLIST_FILE = YES;
				INFOPLIST_FILE = "IQ-Quiz/Info.plist";
				INFOPLIST_KEY_CFBundleDisplayName = "IQ-Test";
				INFOPLIST_KEY_UIApplicationSupportsIndirectInputEvents = YES;
				INFOPLIST_KEY_UILaunchStoryboardName = LaunchScreen;
				INFOPLIST_KEY_UISupportedInterfaceOrientations_iPad = "UIInterfaceOrientationPortrait UIInterfaceOrientationPortraitUpsideDown UIInterfaceOrientationLandscapeLeft UIInterfaceOrientationLandscapeRight";
				INFOPLIST_KEY_UISupportedInterfaceOrientations_iPhone = "UIInterfaceOrientationPortrait UIInterfaceOrientationLandscapeLeft UIInterfaceOrientationLandscapeRight";
				IPHONEOS_DEPLOYMENT_TARGET = 13.0;
				LD_RUNPATH_SEARCH_PATHS = (
					"$(inherited)",
					"@executable_path/Frameworks",
				);
				MARKETING_VERSION = 1.0;
				PRODUCT_BUNDLE_IDENTIFIER = "com.mertalp.IQ-Quiz";
				PRODUCT_NAME = "$(TARGET_NAME)";
				PROVISIONING_PROFILE_SPECIFIER = "";
				SUPPORTED_PLATFORMS = "iphoneos iphonesimulator";
				SUPPORTS_MACCATALYST = NO;
				SUPPORTS_MAC_DESIGNED_FOR_IPHONE_IPAD = NO;
				SUPPORTS_XR_DESIGNED_FOR_IPHONE_IPAD = NO;
				SWIFT_EMIT_LOC_STRINGS = YES;
				SWIFT_VERSION = 5.0;
				TARGETED_DEVICE_FAMILY = 1;
			};
			name = Release;
		};
		94873BCE2C738FE800620B4A /* Debug */ = {
			isa = XCBuildConfiguration;
			buildSettings = {
				ALWAYS_EMBED_SWIFT_STANDARD_LIBRARIES = YES;
				BUNDLE_LOADER = "$(TEST_HOST)";
				CODE_SIGN_STYLE = Automatic;
				CURRENT_PROJECT_VERSION = 1;
				GENERATE_INFOPLIST_FILE = YES;
				IPHONEOS_DEPLOYMENT_TARGET = 17.5;
				MARKETING_VERSION = 1.0;
				PRODUCT_BUNDLE_IDENTIFIER = "com.mertalp.IQ-QuizTests";
				PRODUCT_NAME = "$(TARGET_NAME)";
				SWIFT_EMIT_LOC_STRINGS = NO;
				SWIFT_VERSION = 5.0;
				TARGETED_DEVICE_FAMILY = "1,2";
				TEST_HOST = "$(BUILT_PRODUCTS_DIR)/IQ-Quiz.app/$(BUNDLE_EXECUTABLE_FOLDER_PATH)/IQ-Quiz";
			};
			name = Debug;
		};
		94873BCF2C738FE800620B4A /* Release */ = {
			isa = XCBuildConfiguration;
			buildSettings = {
				ALWAYS_EMBED_SWIFT_STANDARD_LIBRARIES = YES;
				BUNDLE_LOADER = "$(TEST_HOST)";
				CODE_SIGN_STYLE = Automatic;
				CURRENT_PROJECT_VERSION = 1;
				GENERATE_INFOPLIST_FILE = YES;
				IPHONEOS_DEPLOYMENT_TARGET = 17.5;
				MARKETING_VERSION = 1.0;
				PRODUCT_BUNDLE_IDENTIFIER = "com.mertalp.IQ-QuizTests";
				PRODUCT_NAME = "$(TARGET_NAME)";
				SWIFT_EMIT_LOC_STRINGS = NO;
				SWIFT_VERSION = 5.0;
				TARGETED_DEVICE_FAMILY = "1,2";
				TEST_HOST = "$(BUILT_PRODUCTS_DIR)/IQ-Quiz.app/$(BUNDLE_EXECUTABLE_FOLDER_PATH)/IQ-Quiz";
			};
			name = Release;
		};
		94873BD12C738FE800620B4A /* Debug */ = {
			isa = XCBuildConfiguration;
			buildSettings = {
				ALWAYS_EMBED_SWIFT_STANDARD_LIBRARIES = YES;
				CODE_SIGN_STYLE = Automatic;
				CURRENT_PROJECT_VERSION = 1;
				GENERATE_INFOPLIST_FILE = YES;
				MARKETING_VERSION = 1.0;
				PRODUCT_BUNDLE_IDENTIFIER = "com.mertalp.IQ-QuizUITests";
				PRODUCT_NAME = "$(TARGET_NAME)";
				SWIFT_EMIT_LOC_STRINGS = NO;
				SWIFT_VERSION = 5.0;
				TARGETED_DEVICE_FAMILY = "1,2";
				TEST_TARGET_NAME = "IQ-Quiz";
			};
			name = Debug;
		};
		94873BD22C738FE800620B4A /* Release */ = {
			isa = XCBuildConfiguration;
			buildSettings = {
				ALWAYS_EMBED_SWIFT_STANDARD_LIBRARIES = YES;
				CODE_SIGN_STYLE = Automatic;
				CURRENT_PROJECT_VERSION = 1;
				GENERATE_INFOPLIST_FILE = YES;
				MARKETING_VERSION = 1.0;
				PRODUCT_BUNDLE_IDENTIFIER = "com.mertalp.IQ-QuizUITests";
				PRODUCT_NAME = "$(TARGET_NAME)";
				SWIFT_EMIT_LOC_STRINGS = NO;
				SWIFT_VERSION = 5.0;
				TARGETED_DEVICE_FAMILY = "1,2";
				TEST_TARGET_NAME = "IQ-Quiz";
			};
			name = Release;
		};
/* End XCBuildConfiguration section */

/* Begin XCConfigurationList section */
		94873B9B2C738FE600620B4A /* Build configuration list for PBXProject "IQ-Quiz" */ = {
			isa = XCConfigurationList;
			buildConfigurations = (
				94873BC82C738FE800620B4A /* Debug */,
				94873BC92C738FE800620B4A /* Release */,
			);
			defaultConfigurationIsVisible = 0;
			defaultConfigurationName = Release;
		};
		94873BCA2C738FE800620B4A /* Build configuration list for PBXNativeTarget "IQ-Quiz" */ = {
			isa = XCConfigurationList;
			buildConfigurations = (
				94873BCB2C738FE800620B4A /* Debug */,
				94873BCC2C738FE800620B4A /* Release */,
			);
			defaultConfigurationIsVisible = 0;
			defaultConfigurationName = Release;
		};
		94873BCD2C738FE800620B4A /* Build configuration list for PBXNativeTarget "IQ-QuizTests" */ = {
			isa = XCConfigurationList;
			buildConfigurations = (
				94873BCE2C738FE800620B4A /* Debug */,
				94873BCF2C738FE800620B4A /* Release */,
			);
			defaultConfigurationIsVisible = 0;
			defaultConfigurationName = Release;
		};
		94873BD02C738FE800620B4A /* Build configuration list for PBXNativeTarget "IQ-QuizUITests" */ = {
			isa = XCConfigurationList;
			buildConfigurations = (
				94873BD12C738FE800620B4A /* Debug */,
				94873BD22C738FE800620B4A /* Release */,
			);
			defaultConfigurationIsVisible = 0;
			defaultConfigurationName = Release;
		};
/* End XCConfigurationList section */

/* Begin XCRemoteSwiftPackageReference section */
		94447DDF2CB2F8B600A5252F /* XCRemoteSwiftPackageReference "swift-package-manager-google-mobile-ads" */ = {
			isa = XCRemoteSwiftPackageReference;
			repositoryURL = "https://github.com/googleads/swift-package-manager-google-mobile-ads";
			requirement = {
				kind = upToNextMajorVersion;
				minimumVersion = 11.10.0;
			};
		};
		946AEAE12CB0430A00B16F05 /* XCRemoteSwiftPackageReference "SnapKit" */ = {
			isa = XCRemoteSwiftPackageReference;
			repositoryURL = "https://github.com/SnapKit/SnapKit.git";
			requirement = {
				kind = upToNextMajorVersion;
				minimumVersion = 5.7.1;
			};
		};
		94F7681A2C8CD6CD000E9180 /* XCRemoteSwiftPackageReference "firebase-ios-sdk" */ = {
			isa = XCRemoteSwiftPackageReference;
			repositoryURL = "https://github.com/firebase/firebase-ios-sdk.git";
			requirement = {
				kind = upToNextMajorVersion;
				minimumVersion = 11.1.0;
			};
		};
/* End XCRemoteSwiftPackageReference section */

/* Begin XCSwiftPackageProductDependency section */
		94447DE02CB2F8B600A5252F /* GoogleMobileAds */ = {
			isa = XCSwiftPackageProductDependency;
			package = 94447DDF2CB2F8B600A5252F /* XCRemoteSwiftPackageReference "swift-package-manager-google-mobile-ads" */;
			productName = GoogleMobileAds;
		};
		946AEAE22CB0430A00B16F05 /* SnapKit */ = {
			isa = XCSwiftPackageProductDependency;
			package = 946AEAE12CB0430A00B16F05 /* XCRemoteSwiftPackageReference "SnapKit" */;
			productName = SnapKit;
		};
		94F7681B2C8CD6CE000E9180 /* FirebaseAnalytics */ = {
			isa = XCSwiftPackageProductDependency;
			package = 94F7681A2C8CD6CD000E9180 /* XCRemoteSwiftPackageReference "firebase-ios-sdk" */;
			productName = FirebaseAnalytics;
		};
		94F7681D2C8CD6CE000E9180 /* FirebaseCrashlytics */ = {
			isa = XCSwiftPackageProductDependency;
			package = 94F7681A2C8CD6CD000E9180 /* XCRemoteSwiftPackageReference "firebase-ios-sdk" */;
			productName = FirebaseCrashlytics;
		};
		94F7681F2C8CD6CE000E9180 /* FirebaseFirestore */ = {
			isa = XCSwiftPackageProductDependency;
			package = 94F7681A2C8CD6CD000E9180 /* XCRemoteSwiftPackageReference "firebase-ios-sdk" */;
			productName = FirebaseFirestore;
		};
/* End XCSwiftPackageProductDependency section */

/* Begin XCVersionGroup section */
		94BB3B712C7A3FAF0016CF33 /* QuizResult.xcdatamodeld */ = {
			isa = XCVersionGroup;
			children = (
				94BB3B722C7A3FAF0016CF33 /* Result.xcdatamodel */,
			);
			currentVersion = 94BB3B722C7A3FAF0016CF33 /* Result.xcdatamodel */;
			path = QuizResult.xcdatamodeld;
			sourceTree = "<group>";
			versionGroupType = wrapper.xcdatamodel;
		};
/* End XCVersionGroup section */
	};
	rootObject = 94873B982C738FE600620B4A /* Project object */;
}
